// !$*UTF8*$!
{
	archiveVersion = 1;
	classes = {
	};
	objectVersion = 46;
	objects = {

/* Begin PBXBuildFile section */
		1425F52613EEF35800050C57 /* Descriptions.h in Headers */ = {isa = PBXBuildFile; fileRef = 1425F50313EEF35800050C57 /* Descriptions.h */; settings = {ATTRIBUTES = (Public, ); }; };
		1425F52813EEF35800050C57 /* DummyDescriptions.h in Headers */ = {isa = PBXBuildFile; fileRef = 1425F50513EEF35800050C57 /* DummyDescriptions.h */; settings = {ATTRIBUTES = (Public, ); }; };
		1425F52913EEF35800050C57 /* ErrorFormatter.h in Headers */ = {isa = PBXBuildFile; fileRef = 1425F50613EEF35800050C57 /* ErrorFormatter.h */; settings = {ATTRIBUTES = (Public, ); }; };
		1425F52A13EEF35800050C57 /* ErrorPrinter.h in Headers */ = {isa = PBXBuildFile; fileRef = 1425F50713EEF35800050C57 /* ErrorPrinter.h */; settings = {ATTRIBUTES = (Public, ); }; };
		1425F52B13EEF35800050C57 /* Flags.h in Headers */ = {isa = PBXBuildFile; fileRef = 1425F50813EEF35800050C57 /* Flags.h */; settings = {ATTRIBUTES = (Public, ); }; };
		1425F52D13EEF35800050C57 /* GlobalFixture.h in Headers */ = {isa = PBXBuildFile; fileRef = 1425F50A13EEF35800050C57 /* GlobalFixture.h */; settings = {ATTRIBUTES = (Public, ); }; };
		1425F52E13EEF35800050C57 /* Gui.h in Headers */ = {isa = PBXBuildFile; fileRef = 1425F50B13EEF35800050C57 /* Gui.h */; settings = {ATTRIBUTES = (Public, ); }; };
		1425F53013EEF35800050C57 /* LinkedList.h in Headers */ = {isa = PBXBuildFile; fileRef = 1425F50D13EEF35800050C57 /* LinkedList.h */; settings = {ATTRIBUTES = (Public, ); }; };
		1425F53113EEF35800050C57 /* Mock.h in Headers */ = {isa = PBXBuildFile; fileRef = 1425F50E13EEF35800050C57 /* Mock.h */; settings = {ATTRIBUTES = (Public, ); }; };
		1425F53213EEF35800050C57 /* ParenPrinter.h in Headers */ = {isa = PBXBuildFile; fileRef = 1425F50F13EEF35800050C57 /* ParenPrinter.h */; settings = {ATTRIBUTES = (Public, ); }; };
		1425F53313EEF35800050C57 /* QtGui.h in Headers */ = {isa = PBXBuildFile; fileRef = 1425F51013EEF35800050C57 /* QtGui.h */; settings = {ATTRIBUTES = (Public, ); }; };
		1425F53513EEF35800050C57 /* RealDescriptions.h in Headers */ = {isa = PBXBuildFile; fileRef = 1425F51213EEF35800050C57 /* RealDescriptions.h */; settings = {ATTRIBUTES = (Public, ); }; };
		1425F53713EEF35800050C57 /* SelfTest.h in Headers */ = {isa = PBXBuildFile; fileRef = 1425F51413EEF35800050C57 /* SelfTest.h */; settings = {ATTRIBUTES = (Public, ); }; };
		1425F53813EEF35800050C57 /* StdHeaders.h in Headers */ = {isa = PBXBuildFile; fileRef = 1425F51513EEF35800050C57 /* StdHeaders.h */; settings = {ATTRIBUTES = (Public, ); }; };
		1425F53913EEF35800050C57 /* StdioFilePrinter.h in Headers */ = {isa = PBXBuildFile; fileRef = 1425F51613EEF35800050C57 /* StdioFilePrinter.h */; settings = {ATTRIBUTES = (Public, ); }; };
		1425F53A13EEF35800050C57 /* StdioPrinter.h in Headers */ = {isa = PBXBuildFile; fileRef = 1425F51713EEF35800050C57 /* StdioPrinter.h */; settings = {ATTRIBUTES = (Public, ); }; };
		1425F53B13EEF35800050C57 /* StdValueTraits.h in Headers */ = {isa = PBXBuildFile; fileRef = 1425F51813EEF35800050C57 /* StdValueTraits.h */; settings = {ATTRIBUTES = (Public, ); }; };
		1425F53C13EEF35800050C57 /* TeeListener.h in Headers */ = {isa = PBXBuildFile; fileRef = 1425F51913EEF35800050C57 /* TeeListener.h */; settings = {ATTRIBUTES = (Public, ); }; };
		1425F53D13EEF35800050C57 /* TestListener.h in Headers */ = {isa = PBXBuildFile; fileRef = 1425F51A13EEF35800050C57 /* TestListener.h */; settings = {ATTRIBUTES = (Public, ); }; };
		1425F53E13EEF35800050C57 /* TestRunner.h in Headers */ = {isa = PBXBuildFile; fileRef = 1425F51B13EEF35800050C57 /* TestRunner.h */; settings = {ATTRIBUTES = (Public, ); }; };
		1425F54013EEF35800050C57 /* TestSuite.h in Headers */ = {isa = PBXBuildFile; fileRef = 1425F51D13EEF35800050C57 /* TestSuite.h */; settings = {ATTRIBUTES = (Public, ); }; };
		1425F54213EEF35800050C57 /* TestTracker.h in Headers */ = {isa = PBXBuildFile; fileRef = 1425F51F13EEF35800050C57 /* TestTracker.h */; settings = {ATTRIBUTES = (Public, ); }; };
		1425F54413EEF35800050C57 /* ValueTraits.h in Headers */ = {isa = PBXBuildFile; fileRef = 1425F52113EEF35800050C57 /* ValueTraits.h */; settings = {ATTRIBUTES = (Public, ); }; };
		1425F54513EEF35800050C57 /* Win32Gui.h in Headers */ = {isa = PBXBuildFile; fileRef = 1425F52213EEF35800050C57 /* Win32Gui.h */; settings = {ATTRIBUTES = (Public, ); }; };
		1425F54613EEF35800050C57 /* X11Gui.h in Headers */ = {isa = PBXBuildFile; fileRef = 1425F52313EEF35800050C57 /* X11Gui.h */; settings = {ATTRIBUTES = (Public, ); }; };
		1425F54713EEF35800050C57 /* YesNoRunner.h in Headers */ = {isa = PBXBuildFile; fileRef = 1425F52413EEF35800050C57 /* YesNoRunner.h */; settings = {ATTRIBUTES = (Public, ); }; };
		1425F54813EEF3A800050C57 /* Descriptions.cpp in Headers */ = {isa = PBXBuildFile; fileRef = 1425F50213EEF35800050C57 /* Descriptions.cpp */; settings = {ATTRIBUTES = (Public, ); }; };
		1425F54913EEF3A800050C57 /* DummyDescriptions.cpp in Headers */ = {isa = PBXBuildFile; fileRef = 1425F50413EEF35800050C57 /* DummyDescriptions.cpp */; settings = {ATTRIBUTES = (Public, ); }; };
		1425F54A13EEF3A800050C57 /* GlobalFixture.cpp in Headers */ = {isa = PBXBuildFile; fileRef = 1425F50913EEF35800050C57 /* GlobalFixture.cpp */; settings = {ATTRIBUTES = (Public, ); }; };
		1425F54B13EEF3A800050C57 /* LinkedList.cpp in Headers */ = {isa = PBXBuildFile; fileRef = 1425F50C13EEF35800050C57 /* LinkedList.cpp */; settings = {ATTRIBUTES = (Public, ); }; };
		1425F54C13EEF3A800050C57 /* RealDescriptions.cpp in Headers */ = {isa = PBXBuildFile; fileRef = 1425F51113EEF35800050C57 /* RealDescriptions.cpp */; settings = {ATTRIBUTES = (Public, ); }; };
		1425F54D13EEF3A800050C57 /* Root.cpp in Headers */ = {isa = PBXBuildFile; fileRef = 1425F51313EEF35800050C57 /* Root.cpp */; settings = {ATTRIBUTES = (Public, ); }; };
		1425F54E13EEF3A800050C57 /* TestSuite.cpp in Headers */ = {isa = PBXBuildFile; fileRef = 1425F51C13EEF35800050C57 /* TestSuite.cpp */; settings = {ATTRIBUTES = (Public, ); }; };
		1425F54F13EEF3A800050C57 /* TestTracker.cpp in Headers */ = {isa = PBXBuildFile; fileRef = 1425F51E13EEF35800050C57 /* TestTracker.cpp */; settings = {ATTRIBUTES = (Public, ); }; };
		1425F55013EEF3A800050C57 /* ValueTraits.cpp in Headers */ = {isa = PBXBuildFile; fileRef = 1425F52013EEF35800050C57 /* ValueTraits.cpp */; settings = {ATTRIBUTES = (Public, ); }; };
/* End PBXBuildFile section */

/* Begin PBXFileReference section */
		1425F4AF13EEF0D100050C57 /* libcxxtest.a */ = {isa = PBXFileReference; explicitFileType = archive.ar; includeInIndex = 0; path = libcxxtest.a; sourceTree = BUILT_PRODUCTS_DIR; };
		1425F50213EEF35800050C57 /* Descriptions.cpp */ = {isa = PBXFileReference; fileEncoding = 4; lastKnownFileType = sourcecode.cpp.cpp; name = Descriptions.cpp; path = "../../../3rdParty/cxxtest-3.10.1/cxxtest/Descriptions.cpp"; sourceTree = "<group>"; };
		1425F50313EEF35800050C57 /* Descriptions.h */ = {isa = PBXFileReference; fileEncoding = 4; lastKnownFileType = sourcecode.c.h; name = Descriptions.h; path = "../../../3rdParty/cxxtest-3.10.1/cxxtest/Descriptions.h"; sourceTree = "<group>"; };
		1425F50413EEF35800050C57 /* DummyDescriptions.cpp */ = {isa = PBXFileReference; fileEncoding = 4; lastKnownFileType = sourcecode.cpp.cpp; name = DummyDescriptions.cpp; path = "../../../3rdParty/cxxtest-3.10.1/cxxtest/DummyDescriptions.cpp"; sourceTree = "<group>"; };
		1425F50513EEF35800050C57 /* DummyDescriptions.h */ = {isa = PBXFileReference; fileEncoding = 4; lastKnownFileType = sourcecode.c.h; name = DummyDescriptions.h; path = "../../../3rdParty/cxxtest-3.10.1/cxxtest/DummyDescriptions.h"; sourceTree = "<group>"; };
		1425F50613EEF35800050C57 /* ErrorFormatter.h */ = {isa = PBXFileReference; fileEncoding = 4; lastKnownFileType = sourcecode.c.h; name = ErrorFormatter.h; path = "../../../3rdParty/cxxtest-3.10.1/cxxtest/ErrorFormatter.h"; sourceTree = "<group>"; };
		1425F50713EEF35800050C57 /* ErrorPrinter.h */ = {isa = PBXFileReference; fileEncoding = 4; lastKnownFileType = sourcecode.c.h; name = ErrorPrinter.h; path = "../../../3rdParty/cxxtest-3.10.1/cxxtest/ErrorPrinter.h"; sourceTree = "<group>"; };
		1425F50813EEF35800050C57 /* Flags.h */ = {isa = PBXFileReference; fileEncoding = 4; lastKnownFileType = sourcecode.c.h; name = Flags.h; path = "../../../3rdParty/cxxtest-3.10.1/cxxtest/Flags.h"; sourceTree = "<group>"; };
		1425F50913EEF35800050C57 /* GlobalFixture.cpp */ = {isa = PBXFileReference; fileEncoding = 4; lastKnownFileType = sourcecode.cpp.cpp; name = GlobalFixture.cpp; path = "../../../3rdParty/cxxtest-3.10.1/cxxtest/GlobalFixture.cpp"; sourceTree = "<group>"; };
		1425F50A13EEF35800050C57 /* GlobalFixture.h */ = {isa = PBXFileReference; fileEncoding = 4; lastKnownFileType = sourcecode.c.h; name = GlobalFixture.h; path = "../../../3rdParty/cxxtest-3.10.1/cxxtest/GlobalFixture.h"; sourceTree = "<group>"; };
		1425F50B13EEF35800050C57 /* Gui.h */ = {isa = PBXFileReference; fileEncoding = 4; lastKnownFileType = sourcecode.c.h; name = Gui.h; path = "../../../3rdParty/cxxtest-3.10.1/cxxtest/Gui.h"; sourceTree = "<group>"; };
		1425F50C13EEF35800050C57 /* LinkedList.cpp */ = {isa = PBXFileReference; fileEncoding = 4; lastKnownFileType = sourcecode.cpp.cpp; name = LinkedList.cpp; path = "../../../3rdParty/cxxtest-3.10.1/cxxtest/LinkedList.cpp"; sourceTree = "<group>"; };
		1425F50D13EEF35800050C57 /* LinkedList.h */ = {isa = PBXFileReference; fileEncoding = 4; lastKnownFileType = sourcecode.c.h; name = LinkedList.h; path = "../../../3rdParty/cxxtest-3.10.1/cxxtest/LinkedList.h"; sourceTree = "<group>"; };
		1425F50E13EEF35800050C57 /* Mock.h */ = {isa = PBXFileReference; fileEncoding = 4; lastKnownFileType = sourcecode.c.h; name = Mock.h; path = "../../../3rdParty/cxxtest-3.10.1/cxxtest/Mock.h"; sourceTree = "<group>"; };
		1425F50F13EEF35800050C57 /* ParenPrinter.h */ = {isa = PBXFileReference; fileEncoding = 4; lastKnownFileType = sourcecode.c.h; name = ParenPrinter.h; path = "../../../3rdParty/cxxtest-3.10.1/cxxtest/ParenPrinter.h"; sourceTree = "<group>"; };
		1425F51013EEF35800050C57 /* QtGui.h */ = {isa = PBXFileReference; fileEncoding = 4; lastKnownFileType = sourcecode.c.h; name = QtGui.h; path = "../../../3rdParty/cxxtest-3.10.1/cxxtest/QtGui.h"; sourceTree = "<group>"; };
		1425F51113EEF35800050C57 /* RealDescriptions.cpp */ = {isa = PBXFileReference; fileEncoding = 4; lastKnownFileType = sourcecode.cpp.cpp; name = RealDescriptions.cpp; path = "../../../3rdParty/cxxtest-3.10.1/cxxtest/RealDescriptions.cpp"; sourceTree = "<group>"; };
		1425F51213EEF35800050C57 /* RealDescriptions.h */ = {isa = PBXFileReference; fileEncoding = 4; lastKnownFileType = sourcecode.c.h; name = RealDescriptions.h; path = "../../../3rdParty/cxxtest-3.10.1/cxxtest/RealDescriptions.h"; sourceTree = "<group>"; };
		1425F51313EEF35800050C57 /* Root.cpp */ = {isa = PBXFileReference; fileEncoding = 4; lastKnownFileType = sourcecode.cpp.cpp; name = Root.cpp; path = "../../../3rdParty/cxxtest-3.10.1/cxxtest/Root.cpp"; sourceTree = "<group>"; };
		1425F51413EEF35800050C57 /* SelfTest.h */ = {isa = PBXFileReference; fileEncoding = 4; lastKnownFileType = sourcecode.c.h; name = SelfTest.h; path = "../../../3rdParty/cxxtest-3.10.1/cxxtest/SelfTest.h"; sourceTree = "<group>"; };
		1425F51513EEF35800050C57 /* StdHeaders.h */ = {isa = PBXFileReference; fileEncoding = 4; lastKnownFileType = sourcecode.c.h; name = StdHeaders.h; path = "../../../3rdParty/cxxtest-3.10.1/cxxtest/StdHeaders.h"; sourceTree = "<group>"; };
		1425F51613EEF35800050C57 /* StdioFilePrinter.h */ = {isa = PBXFileReference; fileEncoding = 4; lastKnownFileType = sourcecode.c.h; name = StdioFilePrinter.h; path = "../../../3rdParty/cxxtest-3.10.1/cxxtest/StdioFilePrinter.h"; sourceTree = "<group>"; };
		1425F51713EEF35800050C57 /* StdioPrinter.h */ = {isa = PBXFileReference; fileEncoding = 4; lastKnownFileType = sourcecode.c.h; name = StdioPrinter.h; path = "../../../3rdParty/cxxtest-3.10.1/cxxtest/StdioPrinter.h"; sourceTree = "<group>"; };
		1425F51813EEF35800050C57 /* StdValueTraits.h */ = {isa = PBXFileReference; fileEncoding = 4; lastKnownFileType = sourcecode.c.h; name = StdValueTraits.h; path = "../../../3rdParty/cxxtest-3.10.1/cxxtest/StdValueTraits.h"; sourceTree = "<group>"; };
		1425F51913EEF35800050C57 /* TeeListener.h */ = {isa = PBXFileReference; fileEncoding = 4; lastKnownFileType = sourcecode.c.h; name = TeeListener.h; path = "../../../3rdParty/cxxtest-3.10.1/cxxtest/TeeListener.h"; sourceTree = "<group>"; };
		1425F51A13EEF35800050C57 /* TestListener.h */ = {isa = PBXFileReference; fileEncoding = 4; lastKnownFileType = sourcecode.c.h; name = TestListener.h; path = "../../../3rdParty/cxxtest-3.10.1/cxxtest/TestListener.h"; sourceTree = "<group>"; };
		1425F51B13EEF35800050C57 /* TestRunner.h */ = {isa = PBXFileReference; fileEncoding = 4; lastKnownFileType = sourcecode.c.h; name = TestRunner.h; path = "../../../3rdParty/cxxtest-3.10.1/cxxtest/TestRunner.h"; sourceTree = "<group>"; };
		1425F51C13EEF35800050C57 /* TestSuite.cpp */ = {isa = PBXFileReference; fileEncoding = 4; lastKnownFileType = sourcecode.cpp.cpp; name = TestSuite.cpp; path = "../../../3rdParty/cxxtest-3.10.1/cxxtest/TestSuite.cpp"; sourceTree = "<group>"; };
		1425F51D13EEF35800050C57 /* TestSuite.h */ = {isa = PBXFileReference; fileEncoding = 4; lastKnownFileType = sourcecode.c.h; name = TestSuite.h; path = "../../../3rdParty/cxxtest-3.10.1/cxxtest/TestSuite.h"; sourceTree = "<group>"; };
		1425F51E13EEF35800050C57 /* TestTracker.cpp */ = {isa = PBXFileReference; fileEncoding = 4; lastKnownFileType = sourcecode.cpp.cpp; name = TestTracker.cpp; path = "../../../3rdParty/cxxtest-3.10.1/cxxtest/TestTracker.cpp"; sourceTree = "<group>"; };
		1425F51F13EEF35800050C57 /* TestTracker.h */ = {isa = PBXFileReference; fileEncoding = 4; lastKnownFileType = sourcecode.c.h; name = TestTracker.h; path = "../../../3rdParty/cxxtest-3.10.1/cxxtest/TestTracker.h"; sourceTree = "<group>"; };
		1425F52013EEF35800050C57 /* ValueTraits.cpp */ = {isa = PBXFileReference; fileEncoding = 4; lastKnownFileType = sourcecode.cpp.cpp; name = ValueTraits.cpp; path = "../../../3rdParty/cxxtest-3.10.1/cxxtest/ValueTraits.cpp"; sourceTree = "<group>"; };
		1425F52113EEF35800050C57 /* ValueTraits.h */ = {isa = PBXFileReference; fileEncoding = 4; lastKnownFileType = sourcecode.c.h; name = ValueTraits.h; path = "../../../3rdParty/cxxtest-3.10.1/cxxtest/ValueTraits.h"; sourceTree = "<group>"; };
		1425F52213EEF35800050C57 /* Win32Gui.h */ = {isa = PBXFileReference; fileEncoding = 4; lastKnownFileType = sourcecode.c.h; name = Win32Gui.h; path = "../../../3rdParty/cxxtest-3.10.1/cxxtest/Win32Gui.h"; sourceTree = "<group>"; };
		1425F52313EEF35800050C57 /* X11Gui.h */ = {isa = PBXFileReference; fileEncoding = 4; lastKnownFileType = sourcecode.c.h; name = X11Gui.h; path = "../../../3rdParty/cxxtest-3.10.1/cxxtest/X11Gui.h"; sourceTree = "<group>"; };
		1425F52413EEF35800050C57 /* YesNoRunner.h */ = {isa = PBXFileReference; fileEncoding = 4; lastKnownFileType = sourcecode.c.h; name = YesNoRunner.h; path = "../../../3rdParty/cxxtest-3.10.1/cxxtest/YesNoRunner.h"; sourceTree = "<group>"; };
/* End PBXFileReference section */

/* Begin PBXFrameworksBuildPhase section */
		1425F4AC13EEF0D100050C57 /* Frameworks */ = {
			isa = PBXFrameworksBuildPhase;
			buildActionMask = 2147483647;
			files = (
			);
			runOnlyForDeploymentPostprocessing = 0;
		};
/* End PBXFrameworksBuildPhase section */

/* Begin PBXGroup section */
		1425F4A413EEF0D100050C57 = {
			isa = PBXGroup;
			children = (
				1425F4B613EEF0DC00050C57 /* src */,
				1425F4B013EEF0D100050C57 /* Products */,
			);
			sourceTree = "<group>";
		};
		1425F4B013EEF0D100050C57 /* Products */ = {
			isa = PBXGroup;
			children = (
				1425F4AF13EEF0D100050C57 /* libcxxtest.a */,
			);
			name = Products;
			sourceTree = "<group>";
		};
		1425F4B613EEF0DC00050C57 /* src */ = {
			isa = PBXGroup;
			children = (
				1425F50213EEF35800050C57 /* Descriptions.cpp */,
				1425F50313EEF35800050C57 /* Descriptions.h */,
				1425F50413EEF35800050C57 /* DummyDescriptions.cpp */,
				1425F50513EEF35800050C57 /* DummyDescriptions.h */,
				1425F50613EEF35800050C57 /* ErrorFormatter.h */,
				1425F50713EEF35800050C57 /* ErrorPrinter.h */,
				1425F50813EEF35800050C57 /* Flags.h */,
				1425F50913EEF35800050C57 /* GlobalFixture.cpp */,
				1425F50A13EEF35800050C57 /* GlobalFixture.h */,
				1425F50B13EEF35800050C57 /* Gui.h */,
				1425F50C13EEF35800050C57 /* LinkedList.cpp */,
				1425F50D13EEF35800050C57 /* LinkedList.h */,
				1425F50E13EEF35800050C57 /* Mock.h */,
				1425F50F13EEF35800050C57 /* ParenPrinter.h */,
				1425F51013EEF35800050C57 /* QtGui.h */,
				1425F51113EEF35800050C57 /* RealDescriptions.cpp */,
				1425F51213EEF35800050C57 /* RealDescriptions.h */,
				1425F51313EEF35800050C57 /* Root.cpp */,
				1425F51413EEF35800050C57 /* SelfTest.h */,
				1425F51513EEF35800050C57 /* StdHeaders.h */,
				1425F51613EEF35800050C57 /* StdioFilePrinter.h */,
				1425F51713EEF35800050C57 /* StdioPrinter.h */,
				1425F51813EEF35800050C57 /* StdValueTraits.h */,
				1425F51913EEF35800050C57 /* TeeListener.h */,
				1425F51A13EEF35800050C57 /* TestListener.h */,
				1425F51B13EEF35800050C57 /* TestRunner.h */,
				1425F51C13EEF35800050C57 /* TestSuite.cpp */,
				1425F51D13EEF35800050C57 /* TestSuite.h */,
				1425F51E13EEF35800050C57 /* TestTracker.cpp */,
				1425F51F13EEF35800050C57 /* TestTracker.h */,
				1425F52013EEF35800050C57 /* ValueTraits.cpp */,
				1425F52113EEF35800050C57 /* ValueTraits.h */,
				1425F52213EEF35800050C57 /* Win32Gui.h */,
				1425F52313EEF35800050C57 /* X11Gui.h */,
				1425F52413EEF35800050C57 /* YesNoRunner.h */,
			);
			name = src;
			sourceTree = "<group>";
		};
/* End PBXGroup section */

/* Begin PBXHeadersBuildPhase section */
		1425F4AD13EEF0D100050C57 /* Headers */ = {
			isa = PBXHeadersBuildPhase;
			buildActionMask = 2147483647;
			files = (
				1425F52613EEF35800050C57 /* Descriptions.h in Headers */,
				1425F52813EEF35800050C57 /* DummyDescriptions.h in Headers */,
				1425F52913EEF35800050C57 /* ErrorFormatter.h in Headers */,
				1425F52A13EEF35800050C57 /* ErrorPrinter.h in Headers */,
				1425F52B13EEF35800050C57 /* Flags.h in Headers */,
				1425F52D13EEF35800050C57 /* GlobalFixture.h in Headers */,
				1425F52E13EEF35800050C57 /* Gui.h in Headers */,
				1425F53013EEF35800050C57 /* LinkedList.h in Headers */,
				1425F53113EEF35800050C57 /* Mock.h in Headers */,
				1425F53213EEF35800050C57 /* ParenPrinter.h in Headers */,
				1425F53313EEF35800050C57 /* QtGui.h in Headers */,
				1425F53513EEF35800050C57 /* RealDescriptions.h in Headers */,
				1425F53713EEF35800050C57 /* SelfTest.h in Headers */,
				1425F53813EEF35800050C57 /* StdHeaders.h in Headers */,
				1425F53913EEF35800050C57 /* StdioFilePrinter.h in Headers */,
				1425F53A13EEF35800050C57 /* StdioPrinter.h in Headers */,
				1425F53B13EEF35800050C57 /* StdValueTraits.h in Headers */,
				1425F53C13EEF35800050C57 /* TeeListener.h in Headers */,
				1425F54813EEF3A800050C57 /* Descriptions.cpp in Headers */,
				1425F54913EEF3A800050C57 /* DummyDescriptions.cpp in Headers */,
				1425F54A13EEF3A800050C57 /* GlobalFixture.cpp in Headers */,
				1425F54B13EEF3A800050C57 /* LinkedList.cpp in Headers */,
				1425F54C13EEF3A800050C57 /* RealDescriptions.cpp in Headers */,
				1425F54D13EEF3A800050C57 /* Root.cpp in Headers */,
				1425F54E13EEF3A800050C57 /* TestSuite.cpp in Headers */,
				1425F54F13EEF3A800050C57 /* TestTracker.cpp in Headers */,
				1425F55013EEF3A800050C57 /* ValueTraits.cpp in Headers */,
				1425F53D13EEF35800050C57 /* TestListener.h in Headers */,
				1425F53E13EEF35800050C57 /* TestRunner.h in Headers */,
				1425F54013EEF35800050C57 /* TestSuite.h in Headers */,
				1425F54213EEF35800050C57 /* TestTracker.h in Headers */,
				1425F54413EEF35800050C57 /* ValueTraits.h in Headers */,
				1425F54513EEF35800050C57 /* Win32Gui.h in Headers */,
				1425F54613EEF35800050C57 /* X11Gui.h in Headers */,
				1425F54713EEF35800050C57 /* YesNoRunner.h in Headers */,
			);
			runOnlyForDeploymentPostprocessing = 0;
		};
/* End PBXHeadersBuildPhase section */

/* Begin PBXNativeTarget section */
		1425F4AE13EEF0D100050C57 /* cxxtest */ = {
			isa = PBXNativeTarget;
			buildConfigurationList = 1425F4B313EEF0D100050C57 /* Build configuration list for PBXNativeTarget "cxxtest" */;
			buildPhases = (
				1425F4AB13EEF0D100050C57 /* Sources */,
				1425F4AC13EEF0D100050C57 /* Frameworks */,
				1425F4AD13EEF0D100050C57 /* Headers */,
			);
			buildRules = (
			);
			dependencies = (
			);
			name = cxxtest;
			productName = cxxtest;
			productReference = 1425F4AF13EEF0D100050C57 /* libcxxtest.a */;
			productType = "com.apple.product-type.library.static";
		};
/* End PBXNativeTarget section */

/* Begin PBXProject section */
		1425F4A613EEF0D100050C57 /* Project object */ = {
			isa = PBXProject;
			attributes = {
				ORGANIZATIONNAME = n/a;
			};
			buildConfigurationList = 1425F4A913EEF0D100050C57 /* Build configuration list for PBXProject "cxxtest" */;
			compatibilityVersion = "Xcode 3.2";
			developmentRegion = English;
			hasScannedForEncodings = 0;
			knownRegions = (
				en,
			);
			mainGroup = 1425F4A413EEF0D100050C57;
			productRefGroup = 1425F4B013EEF0D100050C57 /* Products */;
			projectDirPath = "";
			projectRoot = "";
			targets = (
				1425F4AE13EEF0D100050C57 /* cxxtest */,
			);
		};
/* End PBXProject section */

/* Begin PBXSourcesBuildPhase section */
		1425F4AB13EEF0D100050C57 /* Sources */ = {
			isa = PBXSourcesBuildPhase;
			buildActionMask = 2147483647;
			files = (
			);
			runOnlyForDeploymentPostprocessing = 0;
		};
/* End PBXSourcesBuildPhase section */

/* Begin XCBuildConfiguration section */
		1425F4B113EEF0D100050C57 /* Debug */ = {
			isa = XCBuildConfiguration;
			buildSettings = {
				ALWAYS_SEARCH_USER_PATHS = NO;
				ARCHS = "$(ARCHS_STANDARD_64_BIT)";
				COPY_PHASE_STRIP = NO;
				GCC_C_LANGUAGE_STANDARD = gnu99;
				GCC_DYNAMIC_NO_PIC = NO;
				GCC_ENABLE_OBJC_EXCEPTIONS = YES;
				GCC_OPTIMIZATION_LEVEL = 0;
				GCC_PREPROCESSOR_DEFINITIONS = (
					"DEBUG=1",
					"$(inherited)",
				);
				GCC_SYMBOLS_PRIVATE_EXTERN = NO;
				GCC_VERSION = com.apple.compilers.llvm.clang.1_0;
				GCC_WARN_64_TO_32_BIT_CONVERSION = YES;
				GCC_WARN_ABOUT_MISSING_PROTOTYPES = YES;
				GCC_WARN_ABOUT_RETURN_TYPE = YES;
				GCC_WARN_UNUSED_VARIABLE = YES;
				INSTALL_PATH = ../../../libs/;
				MACOSX_DEPLOYMENT_TARGET = 10.7;
				ONLY_ACTIVE_ARCH = YES;
				SDKROOT = macosx;
			};
			name = Debug;
		};
		1425F4B213EEF0D100050C57 /* Release */ = {
			isa = XCBuildConfiguration;
			buildSettings = {
				ALWAYS_SEARCH_USER_PATHS = NO;
				ARCHS = "$(ARCHS_STANDARD_64_BIT)";
				COPY_PHASE_STRIP = YES;
				DEBUG_INFORMATION_FORMAT = "dwarf-with-dsym";
				GCC_C_LANGUAGE_STANDARD = gnu99;
				GCC_ENABLE_OBJC_EXCEPTIONS = YES;
				GCC_VERSION = com.apple.compilers.llvm.clang.1_0;
				GCC_WARN_64_TO_32_BIT_CONVERSION = YES;
				GCC_WARN_ABOUT_MISSING_PROTOTYPES = YES;
				GCC_WARN_ABOUT_RETURN_TYPE = YES;
				GCC_WARN_UNUSED_VARIABLE = YES;
				INSTALL_PATH = ../../../libs/;
				MACOSX_DEPLOYMENT_TARGET = 10.7;
				SDKROOT = macosx;
			};
			name = Release;
		};
		1425F4B413EEF0D100050C57 /* Debug */ = {
			isa = XCBuildConfiguration;
			buildSettings = {
				EXECUTABLE_PREFIX = lib;
				OBJROOT = ../../../obj/;
				PRIVATE_HEADERS_FOLDER_PATH = "../../include/$(PRODUCT_NAME)";
				PRODUCT_NAME = "$(TARGET_NAME)";
				PUBLIC_HEADERS_FOLDER_PATH = "../../include/$(PRODUCT_NAME)";
				SYMROOT = ../../../libs/;
			};
			name = Debug;
		};
		1425F4B513EEF0D100050C57 /* Release */ = {
			isa = XCBuildConfiguration;
			buildSettings = {
				EXECUTABLE_PREFIX = lib;
				OBJROOT = ../../../obj/;
				PRIVATE_HEADERS_FOLDER_PATH = "../../include/$(PRODUCT_NAME)";
				PRODUCT_NAME = "$(TARGET_NAME)";
				PUBLIC_HEADERS_FOLDER_PATH = "../../include/$(PRODUCT_NAME)";
				SYMROOT = ../../../libs/;
			};
			name = Release;
		};
/* End XCBuildConfiguration section */

/* Begin XCConfigurationList section */
		1425F4A913EEF0D100050C57 /* Build configuration list for PBXProject "cxxtest" */ = {
			isa = XCConfigurationList;
			buildConfigurations = (
				1425F4B113EEF0D100050C57 /* Debug */,
				1425F4B213EEF0D100050C57 /* Release */,
			);
			defaultConfigurationIsVisible = 0;
			defaultConfigurationName = Release;
		};
		1425F4B313EEF0D100050C57 /* Build configuration list for PBXNativeTarget "cxxtest" */ = {
			isa = XCConfigurationList;
			buildConfigurations = (
				1425F4B413EEF0D100050C57 /* Debug */,
				1425F4B513EEF0D100050C57 /* Release */,
			);
			defaultConfigurationIsVisible = 0;
			defaultConfigurationName = Release;
		};
/* End XCConfigurationList section */
	};
	rootObject = 1425F4A613EEF0D100050C57 /* Project object */;
}
