<?xml version="1.0" encoding="utf-8"?>
<Project ToolsVersion="4.0" xmlns="http://schemas.microsoft.com/developer/msbuild/2003">
  <ItemGroup>
    <Filter Include="build">
      <UniqueIdentifier>{bb5183ad-1c0a-40d5-829c-40e096d9a2cf}</UniqueIdentifier>
    </Filter>
    <Filter Include="exceptions">
      <UniqueIdentifier>{370aa7ef-697b-4dc8-92ae-5c64288e0de1}</UniqueIdentifier>
    </Filter>
    <Filter Include="gamebase">
      <UniqueIdentifier>{4dd7df82-10c2-4ebc-955a-73c25d82c94b}</UniqueIdentifier>
    </Filter>
    <Filter Include="graphics">
      <UniqueIdentifier>{c127aeb7-5c82-45ae-b649-060f702c8cf7}</UniqueIdentifier>
    </Filter>
    <Filter Include="logging">
      <UniqueIdentifier>{faac0242-5278-45bd-8bab-c072d05ab762}</UniqueIdentifier>
    </Filter>
    <Filter Include="math">
      <UniqueIdentifier>{673a9e9b-a439-46fe-bb0e-a9d3964c2822}</UniqueIdentifier>
    </Filter>
    <Filter Include="timer">
      <UniqueIdentifier>{315fda9f-e1df-47ce-b771-7afe541873ff}</UniqueIdentifier>
    </Filter>
    <Filter Include="logic">
      <UniqueIdentifier>{4270bf54-94b4-4870-8b63-9c76934ce637}</UniqueIdentifier>
    </Filter>
    <Filter Include="physics">
      <UniqueIdentifier>{510332c9-a3d0-496b-bcbb-6a67059c6deb}</UniqueIdentifier>
    </Filter>
    <Filter Include="resourcecache">
      <UniqueIdentifier>{84a151d2-d521-461e-aa2e-0de941c95f3b}</UniqueIdentifier>
    </Filter>
    <Filter Include="eventmanager">
      <UniqueIdentifier>{01b380b8-fe8e-4615-8cb3-53dd1e4ff06d}</UniqueIdentifier>
    </Filter>
    <Filter Include="scripting">
      <UniqueIdentifier>{3377581f-b871-49f5-90f4-525d7c8a4de8}</UniqueIdentifier>
    </Filter>
    <Filter Include="views">
      <UniqueIdentifier>{06d03deb-8f13-4799-9535-451cd17a6438}</UniqueIdentifier>
    </Filter>
    <Filter Include="input">
      <UniqueIdentifier>{630d655e-7b82-414f-9525-dbacb02bd2fb}</UniqueIdentifier>
    </Filter>
    <Filter Include="gui">
      <UniqueIdentifier>{8481923c-0698-4482-a980-d8ba088838c8}</UniqueIdentifier>
    </Filter>
    <Filter Include="sound">
      <UniqueIdentifier>{e3986abb-375a-4cec-8bc0-8ea02bc92675}</UniqueIdentifier>
    </Filter>
    <Filter Include="ai">
      <UniqueIdentifier>{6f51915e-5cfb-4391-b2e6-470f826cf3f7}</UniqueIdentifier>
    </Filter>
    <Filter Include="fileio">
      <UniqueIdentifier>{7dd578ba-c75c-40d2-b959-b2057c37004d}</UniqueIdentifier>
    </Filter>
    <Filter Include="memory">
      <UniqueIdentifier>{ff76cc29-1c4b-480e-97a8-55013c3766ae}</UniqueIdentifier>
    </Filter>
    <Filter Include="datastructures">
      <UniqueIdentifier>{fe06368f-e81b-4804-addd-19c4bab61133}</UniqueIdentifier>
    </Filter>
    <Filter Include="3rdParty">
      <UniqueIdentifier>{afcd7a00-4283-4819-9156-2eeb554fba4c}</UniqueIdentifier>
    </Filter>
  </ItemGroup>
  <ItemGroup>
    <ClCompile Include="..\..\..\src\datastructures\DynamicArray.cpp">
      <Filter>datastructures</Filter>
    </ClCompile>
    <ClCompile Include="..\..\..\src\datastructures\LinkedList.cpp">
      <Filter>datastructures</Filter>
    </ClCompile>
    <ClCompile Include="..\..\..\src\datastructures\Tree.cpp">
      <Filter>datastructures</Filter>
    </ClCompile>
    <ClCompile Include="..\..\..\src\eventmanager\EventManager.cpp">
      <Filter>eventmanager</Filter>
    </ClCompile>
    <ClCompile Include="..\..\..\src\eventmanager\EventManagerImpl.cpp">
      <Filter>eventmanager</Filter>
    </ClCompile>
    <ClCompile Include="..\..\..\src\eventmanager\Events.cpp">
      <Filter>eventmanager</Filter>
    </ClCompile>
    <ClCompile Include="..\..\..\src\eventmanager\HashedString.cpp">
      <Filter>eventmanager</Filter>
    </ClCompile>
    <ClCompile Include="..\..\..\src\exceptions\GameException.cpp">
      <Filter>exceptions</Filter>
    </ClCompile>
    <ClCompile Include="..\..\..\src\fileio\BaseModelFileLoader.cpp">
      <Filter>fileio</Filter>
    </ClCompile>
    <ClCompile Include="..\..\..\src\fileio\GameOptions.cpp">
      <Filter>fileio</Filter>
    </ClCompile>
    <ClCompile Include="..\..\..\src\fileio\ObjModelFileLoader.cpp">
      <Filter>fileio</Filter>
    </ClCompile>
    <ClCompile Include="..\..\..\src\gamebase\Actors.cpp">
      <Filter>gamebase</Filter>
    </ClCompile>
    <ClCompile Include="..\..\..\src\gamebase\CProcess.cpp">
      <Filter>gamebase</Filter>
    </ClCompile>
    <ClCompile Include="..\..\..\src\gamebase\GameBase.cpp">
      <Filter>gamebase</Filter>
    </ClCompile>
    <ClCompile Include="..\..\..\src\gamebase\GameMain.cpp">
      <Filter>gamebase</Filter>
    </ClCompile>
    <ClCompile Include="..\..\..\src\gamebase\SystemCheck.cpp">
      <Filter>gamebase</Filter>
    </ClCompile>
    <ClCompile Include="..\..\..\src\gamebase\WindowManager.cpp">
      <Filter>gamebase</Filter>
    </ClCompile>
    <ClCompile Include="..\..\..\src\graphics\camera.cpp">
      <Filter>graphics</Filter>
    </ClCompile>
    <ClCompile Include="..\..\..\src\graphics\CameraSceneNode.cpp">
      <Filter>graphics</Filter>
    </ClCompile>
    <ClCompile Include="..\..\..\src\graphics\CommonBatchSceneNode.cpp">
      <Filter>graphics</Filter>
    </ClCompile>
    <ClCompile Include="..\..\..\src\graphics\EnvironmentSceneNode.cpp">
      <Filter>graphics</Filter>
    </ClCompile>
    <ClCompile Include="..\..\..\src\graphics\GameColors.cpp">
      <Filter>graphics</Filter>
    </ClCompile>
    <ClCompile Include="..\..\..\src\graphics\GLBatch.cpp">
      <Filter>graphics</Filter>
    </ClCompile>
    <ClCompile Include="..\..\..\src\graphics\GLFrame.cpp">
      <Filter>graphics</Filter>
    </ClCompile>
    <ClCompile Include="..\..\..\src\graphics\GLMatrixStack.cpp">
      <Filter>graphics</Filter>
    </ClCompile>
    <ClCompile Include="..\..\..\src\graphics\GLShaderManager.cpp">
      <Filter>graphics</Filter>
    </ClCompile>
    <ClCompile Include="..\..\..\src\graphics\GLSLShader.cpp">
      <Filter>graphics</Filter>
    </ClCompile>
    <ClCompile Include="..\..\..\src\graphics\GLTools.cpp">
      <Filter>graphics</Filter>
    </ClCompile>
    <ClCompile Include="..\..\..\src\graphics\GLTriangleBatch.cpp">
      <Filter>graphics</Filter>
    </ClCompile>
    <ClCompile Include="..\..\..\src\graphics\ImageResource.cpp">
      <Filter>graphics</Filter>
    </ClCompile>
    <ClCompile Include="..\..\..\src\graphics\ParticleSystem.cpp">
      <Filter>graphics</Filter>
    </ClCompile>
    <ClCompile Include="..\..\..\src\graphics\RootSceneNode.cpp">
      <Filter>graphics</Filter>
    </ClCompile>
    <ClCompile Include="..\..\..\src\graphics\SceneGraphManager.cpp">
      <Filter>graphics</Filter>
    </ClCompile>
    <ClCompile Include="..\..\..\src\graphics\SceneNode.cpp">
      <Filter>graphics</Filter>
    </ClCompile>
    <ClCompile Include="..\..\..\src\graphics\SceneNodeProperties.cpp">
      <Filter>graphics</Filter>
    </ClCompile>
    <ClCompile Include="..\..\..\src\graphics\ShaderUniform.cpp">
      <Filter>graphics</Filter>
    </ClCompile>
    <ClCompile Include="..\..\..\src\graphics\SnowParticleSystem.cpp">
      <Filter>graphics</Filter>
    </ClCompile>
    <ClCompile Include="..\..\..\src\graphics\TextureAtlas.cpp">
      <Filter>graphics</Filter>
    </ClCompile>
    <ClCompile Include="..\..\..\src\graphics\TextureManager.cpp">
      <Filter>graphics</Filter>
    </ClCompile>
    <ClCompile Include="..\..\..\src\gui\AbstractButtonControl.cpp">
      <Filter>gui</Filter>
    </ClCompile>
    <ClCompile Include="..\..\..\src\gui\AbstractWidget.cpp">
      <Filter>gui</Filter>
    </ClCompile>
    <ClCompile Include="..\..\..\src\gui\ButtonControl.cpp">
      <Filter>gui</Filter>
    </ClCompile>
    <ClCompile Include="..\..\..\src\gui\CheckButtonControl.cpp">
      <Filter>gui</Filter>
    </ClCompile>
    <ClCompile Include="..\..\..\src\gui\ContainerWidget.cpp">
      <Filter>gui</Filter>
    </ClCompile>
    <ClCompile Include="..\..\..\src\gui\ControlWidget.cpp">
      <Filter>gui</Filter>
    </ClCompile>
    <ClCompile Include="..\..\..\src\gui\ListButtonControl.cpp">
      <Filter>gui</Filter>
    </ClCompile>
    <ClCompile Include="..\..\..\src\gui\SliderControl.cpp">
      <Filter>gui</Filter>
    </ClCompile>
    <ClCompile Include="..\..\..\src\gui\TextBoxControl.cpp">
      <Filter>gui</Filter>
    </ClCompile>
    <ClCompile Include="..\..\..\src\input\OsInputEvents.cpp">
      <Filter>input</Filter>
    </ClCompile>
    <ClCompile Include="..\..\..\src\logging\GameLog.cpp">
      <Filter>logging</Filter>
    </ClCompile>
    <ClCompile Include="..\..\..\src\logic\GameLogic.cpp">
      <Filter>logic</Filter>
    </ClCompile>
    <ClCompile Include="..\..\..\src\math\BoundingCube.cpp">
      <Filter>math</Filter>
    </ClCompile>
    <ClCompile Include="..\..\..\src\math\BoundingSphere.cpp">
      <Filter>math</Filter>
    </ClCompile>
    <ClCompile Include="..\..\..\src\math\Circle.cpp">
      <Filter>math</Filter>
    </ClCompile>
    <ClCompile Include="..\..\..\src\math\CMath.cpp">
      <Filter>math</Filter>
    </ClCompile>
    <ClCompile Include="..\..\..\src\math\CRandom.cpp">
      <Filter>math</Filter>
    </ClCompile>
    <ClCompile Include="..\..\..\src\math\Frustrum.cpp">
      <Filter>math</Filter>
    </ClCompile>
    <ClCompile Include="..\..\..\src\math\Matrix.cpp">
      <Filter>math</Filter>
    </ClCompile>
    <ClCompile Include="..\..\..\src\math\Plane.cpp">
      <Filter>math</Filter>
    </ClCompile>
    <ClCompile Include="..\..\..\src\math\Point.cpp">
      <Filter>math</Filter>
    </ClCompile>
    <ClCompile Include="..\..\..\src\math\Quaternion.cpp">
      <Filter>math</Filter>
    </ClCompile>
    <ClCompile Include="..\..\..\src\math\RayCast.cpp">
      <Filter>math</Filter>
    </ClCompile>
    <ClCompile Include="..\..\..\src\math\Rectangle.cpp">
      <Filter>math</Filter>
    </ClCompile>
    <ClCompile Include="..\..\..\src\math\Triangle.cpp">
      <Filter>math</Filter>
    </ClCompile>
    <ClCompile Include="..\..\..\src\math\Vector.cpp">
      <Filter>math</Filter>
    </ClCompile>
    <ClCompile Include="..\..\..\src\memory\GameMemory.cpp">
      <Filter>memory</Filter>
    </ClCompile>
    <ClCompile Include="..\..\..\src\memory\StackAllocater.cpp">
      <Filter>memory</Filter>
    </ClCompile>
    <ClCompile Include="..\..\..\src\physics\BulletPhysics.cpp">
      <Filter>physics</Filter>
    </ClCompile>
    <ClCompile Include="..\..\..\src\physics\BulletPhysicsDebugDrawer.cpp">
      <Filter>physics</Filter>
    </ClCompile>
    <ClCompile Include="..\..\..\src\physics\CustomPhysics.cpp">
      <Filter>physics</Filter>
    </ClCompile>
    <ClCompile Include="..\..\..\src\physics\HavokPhysics.cpp">
      <Filter>physics</Filter>
    </ClCompile>
    <ClCompile Include="..\..\..\src\physics\HavokPhysicsDebugDrawer.cpp">
      <Filter>physics</Filter>
    </ClCompile>
    <ClCompile Include="..\..\..\src\physics\NullPhysics.cpp">
      <Filter>physics</Filter>
    </ClCompile>
    <ClCompile Include="..\..\..\src\physics\PhysicsEvents.cpp">
      <Filter>physics</Filter>
    </ClCompile>
    <ClCompile Include="..\..\..\src\resourcecache\ResCache2.cpp">
      <Filter>resourcecache</Filter>
    </ClCompile>
    <ClCompile Include="..\..\..\src\resourcecache\TextResource.cpp">
      <Filter>resourcecache</Filter>
    </ClCompile>
    <ClCompile Include="..\..\..\src\resourcecache\ZipFile.cpp">
      <Filter>resourcecache</Filter>
    </ClCompile>
    <ClCompile Include="..\..\..\src\scripting\LuaStateManager.cpp">
      <Filter>scripting</Filter>
    </ClCompile>
    <ClCompile Include="..\..\..\src\scripting\ScriptEventListener.cpp">
      <Filter>scripting</Filter>
    </ClCompile>
    <ClCompile Include="..\..\..\src\sound\CAudio.cpp">
      <Filter>sound</Filter>
    </ClCompile>
    <ClCompile Include="..\..\..\src\sound\CSoundProcess.cpp">
      <Filter>sound</Filter>
    </ClCompile>
    <ClCompile Include="..\..\..\src\sound\CSoundResource.cpp">
      <Filter>sound</Filter>
    </ClCompile>
    <ClCompile Include="..\..\..\src\sound\DirectSoundAudio.cpp">
      <Filter>sound</Filter>
    </ClCompile>
    <ClCompile Include="..\..\..\src\sound\OpenALAudio.cpp">
      <Filter>sound</Filter>
    </ClCompile>
    <ClCompile Include="..\..\..\src\sound\OpenALAudioBuffer.cpp">
      <Filter>sound</Filter>
    </ClCompile>
    <ClCompile Include="..\..\..\src\sound\OpenALAudioSource.cpp">
      <Filter>sound</Filter>
    </ClCompile>
    <ClCompile Include="..\..\..\src\sound\SoundCommon.cpp">
      <Filter>sound</Filter>
    </ClCompile>
    <ClCompile Include="..\..\..\src\timer\CommonTimer.cpp">
      <Filter>timer</Filter>
    </ClCompile>
    <ClCompile Include="..\..\..\src\timer\GameTimer.cpp">
      <Filter>timer</Filter>
    </ClCompile>
    <ClCompile Include="..\..\..\src\timer\GlfwGameTimer.cpp">
      <Filter>timer</Filter>
    </ClCompile>
    <ClCompile Include="..\..\..\src\views\HumanView.cpp">
      <Filter>views</Filter>
    </ClCompile>
  </ItemGroup>
  <ItemGroup>
    <ClInclude Include="..\..\..\src\datastructures\DynamicArray.h">
      <Filter>datastructures</Filter>
    </ClInclude>
    <ClInclude Include="..\..\..\src\datastructures\LinkedList.h">
      <Filter>datastructures</Filter>
    </ClInclude>
    <ClInclude Include="..\..\..\src\datastructures\Queue.h">
      <Filter>datastructures</Filter>
    </ClInclude>
    <ClInclude Include="..\..\..\src\datastructures\Stack.h">
      <Filter>datastructures</Filter>
    </ClInclude>
    <ClInclude Include="..\..\..\src\datastructures\Tree.h">
      <Filter>datastructures</Filter>
    </ClInclude>
    <ClInclude Include="..\..\..\src\eventmanager\EventManager.h">
      <Filter>eventmanager</Filter>
    </ClInclude>
    <ClInclude Include="..\..\..\src\eventmanager\EventManagerImpl.h">
      <Filter>eventmanager</Filter>
    </ClInclude>
    <ClInclude Include="..\..\..\src\eventmanager\Events.h">
      <Filter>eventmanager</Filter>
    </ClInclude>
    <ClInclude Include="..\..\..\src\eventmanager\HashedString.h">
      <Filter>eventmanager</Filter>
    </ClInclude>
    <ClInclude Include="..\..\..\src\exceptions\GameException.h">
      <Filter>exceptions</Filter>
    </ClInclude>
    <ClInclude Include="..\..\..\src\fileio\BaseModelFileLoader.h">
      <Filter>fileio</Filter>
    </ClInclude>
    <ClInclude Include="..\..\..\src\fileio\GameOptions.h">
      <Filter>fileio</Filter>
    </ClInclude>
    <ClInclude Include="..\..\..\src\fileio\IModelFileLoader.h">
      <Filter>fileio</Filter>
    </ClInclude>
    <ClInclude Include="..\..\..\src\fileio\ObjModelFileLoader.h">
      <Filter>fileio</Filter>
    </ClInclude>
    <ClInclude Include="..\..\..\src\gamebase\Actors.h">
      <Filter>gamebase</Filter>
    </ClInclude>
    <ClInclude Include="..\..\..\src\gamebase\CProcess.h">
      <Filter>gamebase</Filter>
    </ClInclude>
    <ClInclude Include="..\..\..\src\gamebase\GameBase.h">
      <Filter>gamebase</Filter>
    </ClInclude>
    <ClInclude Include="..\..\..\src\gamebase\GameEndianConv.h">
      <Filter>gamebase</Filter>
    </ClInclude>
    <ClInclude Include="..\..\..\src\gamebase\GameMain.h">
      <Filter>gamebase</Filter>
    </ClInclude>
    <ClInclude Include="..\..\..\src\gamebase\GamePlatform.h">
      <Filter>gamebase</Filter>
    </ClInclude>
    <ClInclude Include="..\..\..\src\gamebase\GameTypes.h">
      <Filter>gamebase</Filter>
    </ClInclude>
    <ClInclude Include="..\..\..\src\gamebase\IActors.h">
      <Filter>gamebase</Filter>
    </ClInclude>
    <ClInclude Include="..\..\..\src\gamebase\ICleanable.h">
      <Filter>gamebase</Filter>
    </ClInclude>
    <ClInclude Include="..\..\..\src\gamebase\ICleanableObserver.h">
      <Filter>gamebase</Filter>
    </ClInclude>
    <ClInclude Include="..\..\..\src\gamebase\SystemCheck.h">
      <Filter>gamebase</Filter>
    </ClInclude>
    <ClInclude Include="..\..\..\src\gamebase\WindowManager.h">
      <Filter>gamebase</Filter>
    </ClInclude>
    <ClInclude Include="..\..\..\src\graphics\camera.h">
      <Filter>graphics</Filter>
    </ClInclude>
    <ClInclude Include="..\..\..\src\graphics\CameraSceneNode.h">
      <Filter>graphics</Filter>
    </ClInclude>
    <ClInclude Include="..\..\..\src\graphics\CommonBatchSceneNode.h">
      <Filter>graphics</Filter>
    </ClInclude>
    <ClInclude Include="..\..\..\src\graphics\CommonSceneNode.h">
      <Filter>graphics</Filter>
    </ClInclude>
    <ClInclude Include="..\..\..\src\graphics\EnvironmentSceneNode.h">
      <Filter>graphics</Filter>
    </ClInclude>
    <ClInclude Include="..\..\..\src\graphics\GameColors.h">
      <Filter>graphics</Filter>
    </ClInclude>
    <ClInclude Include="..\..\..\src\graphics\GLBatch.h">
      <Filter>graphics</Filter>
    </ClInclude>
    <ClInclude Include="..\..\..\src\graphics\GLFrame.h">
      <Filter>graphics</Filter>
    </ClInclude>
    <ClInclude Include="..\..\..\src\graphics\GLMatrixStack.h">
      <Filter>graphics</Filter>
    </ClInclude>
    <ClInclude Include="..\..\..\src\graphics\GLShaderManager.h">
      <Filter>graphics</Filter>
    </ClInclude>
    <ClInclude Include="..\..\..\src\graphics\GLSLShader.h">
      <Filter>graphics</Filter>
    </ClInclude>
    <ClInclude Include="..\..\..\src\graphics\GLTools.h">
      <Filter>graphics</Filter>
    </ClInclude>
    <ClInclude Include="..\..\..\src\graphics\GLTriangleBatch.h">
      <Filter>graphics</Filter>
    </ClInclude>
    <ClInclude Include="..\..\..\src\graphics\IGLBatchBase.h">
      <Filter>graphics</Filter>
    </ClInclude>
    <ClInclude Include="..\..\..\src\graphics\ImageResource.h">
      <Filter>graphics</Filter>
    </ClInclude>
    <ClInclude Include="..\..\..\src\graphics\ISceneNode.h">
      <Filter>graphics</Filter>
    </ClInclude>
    <ClInclude Include="..\..\..\src\graphics\ModelViewProjStackManager.h">
      <Filter>graphics</Filter>
    </ClInclude>
    <ClInclude Include="..\..\..\src\graphics\ParticleSystem.h">
      <Filter>graphics</Filter>
    </ClInclude>
    <ClInclude Include="..\..\..\src\graphics\RootSceneNode.h">
      <Filter>graphics</Filter>
    </ClInclude>
    <ClInclude Include="..\..\..\src\graphics\SceneGraphManager.h">
      <Filter>graphics</Filter>
    </ClInclude>
    <ClInclude Include="..\..\..\src\graphics\SceneNode.h">
      <Filter>graphics</Filter>
    </ClInclude>
    <ClInclude Include="..\..\..\src\graphics\SceneNodeProperties.h">
      <Filter>graphics</Filter>
    </ClInclude>
    <ClInclude Include="..\..\..\src\graphics\ShaderUniform.h">
      <Filter>graphics</Filter>
    </ClInclude>
    <ClInclude Include="..\..\..\src\graphics\SnowParticleSystem.h">
      <Filter>graphics</Filter>
    </ClInclude>
    <ClInclude Include="..\..\..\src\graphics\TextureAtlas.h">
      <Filter>graphics</Filter>
    </ClInclude>
    <ClInclude Include="..\..\..\src\graphics\TextureManager.h">
      <Filter>graphics</Filter>
    </ClInclude>
    <ClInclude Include="..\..\..\src\gui\AbstractButtonControl.h">
      <Filter>gui</Filter>
    </ClInclude>
    <ClInclude Include="..\..\..\src\gui\AbstractWidget.h">
      <Filter>gui</Filter>
    </ClInclude>
    <ClInclude Include="..\..\..\src\gui\ButtonControl.h">
      <Filter>gui</Filter>
    </ClInclude>
    <ClInclude Include="..\..\..\src\gui\CheckButtonControl.h">
      <Filter>gui</Filter>
    </ClInclude>
    <ClInclude Include="..\..\..\src\gui\ContainerWidget.h">
      <Filter>gui</Filter>
    </ClInclude>
    <ClInclude Include="..\..\..\src\gui\ControlWidget.h">
      <Filter>gui</Filter>
    </ClInclude>
    <ClInclude Include="..\..\..\src\gui\ListButtonControl.h">
      <Filter>gui</Filter>
    </ClInclude>
    <ClInclude Include="..\..\..\src\gui\MyOpenGLUI.h">
      <Filter>gui</Filter>
    </ClInclude>
    <ClInclude Include="..\..\..\src\gui\SliderControl.h">
      <Filter>gui</Filter>
    </ClInclude>
    <ClInclude Include="..\..\..\src\gui\TextBoxControl.h">
      <Filter>gui</Filter>
    </ClInclude>
    <ClInclude Include="..\..\..\src\input\IInputInterfaces.h">
      <Filter>input</Filter>
    </ClInclude>
    <ClInclude Include="..\..\..\src\input\OsInputEvents.h">
      <Filter>input</Filter>
    </ClInclude>
    <ClInclude Include="..\..\..\src\logging\GameLog.h">
      <Filter>logging</Filter>
    </ClInclude>
    <ClInclude Include="..\..\..\src\logic\GameLogic.h">
      <Filter>logic</Filter>
    </ClInclude>
    <ClInclude Include="..\..\..\src\logic\IGameLogic.h">
      <Filter>logic</Filter>
    </ClInclude>
    <ClInclude Include="..\..\..\src\math\BoundingCube.h">
      <Filter>math</Filter>
    </ClInclude>
    <ClInclude Include="..\..\..\src\math\BoundingSphere.h">
      <Filter>math</Filter>
    </ClInclude>
    <ClInclude Include="..\..\..\src\math\Circle.h">
      <Filter>math</Filter>
    </ClInclude>
    <ClInclude Include="..\..\..\src\math\CMath.h">
      <Filter>math</Filter>
    </ClInclude>
    <ClInclude Include="..\..\..\src\math\CommonMath.h">
      <Filter>math</Filter>
    </ClInclude>
    <ClInclude Include="..\..\..\src\math\CRandom.h">
      <Filter>math</Filter>
    </ClInclude>
    <ClInclude Include="..\..\..\src\math\Frustrum.h">
      <Filter>math</Filter>
    </ClInclude>
    <ClInclude Include="..\..\..\src\math\Matrix.h">
      <Filter>math</Filter>
    </ClInclude>
    <ClInclude Include="..\..\..\src\math\Plane.h">
      <Filter>math</Filter>
    </ClInclude>
    <ClInclude Include="..\..\..\src\math\Point.h">
      <Filter>math</Filter>
    </ClInclude>
    <ClInclude Include="..\..\..\src\math\Quaternion.h">
      <Filter>math</Filter>
    </ClInclude>
    <ClInclude Include="..\..\..\src\math\RayCast.h">
      <Filter>math</Filter>
    </ClInclude>
    <ClInclude Include="..\..\..\src\math\Rectangle.h">
      <Filter>math</Filter>
    </ClInclude>
    <ClInclude Include="..\..\..\src\math\Triangle.h">
      <Filter>math</Filter>
    </ClInclude>
    <ClInclude Include="..\..\..\src\math\Vector.h">
      <Filter>math</Filter>
    </ClInclude>
    <ClInclude Include="..\..\..\src\memory\DefaultAllocater.h">
      <Filter>memory</Filter>
    </ClInclude>
    <ClInclude Include="..\..\..\src\memory\DoubleBufferedStackAllocater.h">
      <Filter>memory</Filter>
    </ClInclude>
    <ClInclude Include="..\..\..\src\memory\GameAllocater.h">
      <Filter>memory</Filter>
    </ClInclude>
    <ClInclude Include="..\..\..\src\memory\GameMemory.h">
      <Filter>memory</Filter>
    </ClInclude>
    <ClInclude Include="..\..\..\src\memory\MemoryManager.h">
      <Filter>memory</Filter>
    </ClInclude>
    <ClInclude Include="..\..\..\src\memory\StackAllocater.h">
      <Filter>memory</Filter>
    </ClInclude>
    <ClInclude Include="..\..\..\src\physics\BulletPhysics.h">
      <Filter>physics</Filter>
    </ClInclude>
    <ClInclude Include="..\..\..\src\physics\BulletPhysicsDebugDrawer.h">
      <Filter>physics</Filter>
    </ClInclude>
    <ClInclude Include="..\..\..\src\physics\CustomPhysics.h">
      <Filter>physics</Filter>
    </ClInclude>
    <ClInclude Include="..\..\..\src\physics\HavokPhysics.h">
      <Filter>physics</Filter>
    </ClInclude>
    <ClInclude Include="..\..\..\src\physics\HavokPhysicsDebugDrawer.h">
      <Filter>physics</Filter>
    </ClInclude>
    <ClInclude Include="..\..\..\src\physics\IGamePhysics.h">
      <Filter>physics</Filter>
    </ClInclude>
    <ClInclude Include="..\..\..\src\physics\NullPhysics.h">
      <Filter>physics</Filter>
    </ClInclude>
    <ClInclude Include="..\..\..\src\physics\PhysicsCommon.h">
      <Filter>physics</Filter>
    </ClInclude>
    <ClInclude Include="..\..\..\src\physics\PhysicsEvents.h">
      <Filter>physics</Filter>
    </ClInclude>
    <ClInclude Include="..\..\..\src\resourcecache\ResCache2.h">
      <Filter>resourcecache</Filter>
    </ClInclude>
    <ClInclude Include="..\..\..\src\resourcecache\TextResource.h">
      <Filter>resourcecache</Filter>
    </ClInclude>
    <ClInclude Include="..\..\..\src\resourcecache\ZipFile.h">
      <Filter>resourcecache</Filter>
    </ClInclude>
    <ClInclude Include="..\..\..\src\scripting\LuaStateManager.h">
      <Filter>scripting</Filter>
    </ClInclude>
    <ClInclude Include="..\..\..\src\scripting\ScriptEventListener.h">
      <Filter>scripting</Filter>
    </ClInclude>
    <ClInclude Include="..\..\..\src\sound\CAudio.h">
      <Filter>sound</Filter>
    </ClInclude>
    <ClInclude Include="..\..\..\src\sound\CSoundProcess.h">
      <Filter>sound</Filter>
    </ClInclude>
    <ClInclude Include="..\..\..\src\sound\CSoundResource.h">
      <Filter>sound</Filter>
    </ClInclude>
    <ClInclude Include="..\..\..\src\sound\DirectSoundAudio.h">
      <Filter>sound</Filter>
    </ClInclude>
    <ClInclude Include="..\..\..\src\sound\IAudio.h">
      <Filter>sound</Filter>
    </ClInclude>
    <ClInclude Include="..\..\..\src\sound\IAudioBuffer.h">
      <Filter>sound</Filter>
    </ClInclude>
    <ClInclude Include="..\..\..\src\sound\OpenALAudio.h">
      <Filter>sound</Filter>
    </ClInclude>
    <ClInclude Include="..\..\..\src\sound\OpenALAudioBuffer.h">
      <Filter>sound</Filter>
    </ClInclude>
    <ClInclude Include="..\..\..\src\sound\OpenALAudioSource.h">
      <Filter>sound</Filter>
    </ClInclude>
    <ClInclude Include="..\..\..\src\sound\SoundCommon.h">
      <Filter>sound</Filter>
    </ClInclude>
    <ClInclude Include="..\..\..\src\timer\CommonTimer.h">
      <Filter>timer</Filter>
    </ClInclude>
    <ClInclude Include="..\..\..\src\timer\GameTimer.h">
      <Filter>timer</Filter>
    </ClInclude>
    <ClInclude Include="..\..\..\src\timer\GlfwGameTimer.h">
      <Filter>timer</Filter>
    </ClInclude>
    <ClInclude Include="..\..\..\src\timer\IGameTimer.h">
      <Filter>timer</Filter>
    </ClInclude>
    <ClInclude Include="..\..\..\src\views\HumanView.h">
      <Filter>views</Filter>
    </ClInclude>
    <ClInclude Include="..\..\..\src\views\IGameView.h">
      <Filter>views</Filter>
    </ClInclude>
    <ClInclude Include="..\..\..\src\views\IScreenElement.h">
      <Filter>views</Filter>
    </ClInclude>
  </ItemGroup>
</Project>