
Microsoft Visual Studio Solution File, Format Version 11.00
# Visual C++ Express 2010
Project("{8BC9CEB8-8B4A-11D0-8D11-00A0C91BC942}") = "gameframework", "gameframework.vcxproj", "{EBD12895-32A3-4FAF-8CDA-62C91976ACB5}"
EndProject
Project("{8BC9CEB8-8B4A-11D0-8D11-00A0C91BC942}") = "CxxTest1Run", "unittests\CxxTest1Run.vcxproj", "{4FC1A6E5-A073-417E-9755-C90600F2FA6E}"
EndProject
Project("{8BC9CEB8-8B4A-11D0-8D11-00A0C91BC942}") = "CxxTest2Build", "unittests\CxxTest2Build.vcxproj", "{A057589F-08ED-4005-A7AB-C5BE14FBF496}"
EndProject
Project("{8BC9CEB8-8B4A-11D0-8D11-00A0C91BC942}") = "CxxTest3Generate", "unittests\CxxTest3Generate.vcxproj", "{274D07C4-FF1A-4B95-B104-7E06C7DEECD8}"
EndProject
Global
	GlobalSection(SolutionConfigurationPlatforms) = preSolution
		Debug|Win32 = Debug|Win32
		Release|Win32 = Release|Win32
	EndGlobalSection
	GlobalSection(ProjectConfigurationPlatforms) = postSolution
		{EBD12895-32A3-4FAF-8CDA-62C91976ACB5}.Debug|Win32.ActiveCfg = Debug|Win32
		{EBD12895-32A3-4FAF-8CDA-62C91976ACB5}.Debug|Win32.Build.0 = Debug|Win32
		{EBD12895-32A3-4FAF-8CDA-62C91976ACB5}.Release|Win32.ActiveCfg = Release|Win32
		{EBD12895-32A3-4FAF-8CDA-62C91976ACB5}.Release|Win32.Build.0 = Release|Win32
		{4FC1A6E5-A073-417E-9755-C90600F2FA6E}.Debug|Win32.ActiveCfg = Debug|Win32
		{4FC1A6E5-A073-417E-9755-C90600F2FA6E}.Debug|Win32.Build.0 = Debug|Win32
		{4FC1A6E5-A073-417E-9755-C90600F2FA6E}.Release|Win32.ActiveCfg = Release|Win32
		{4FC1A6E5-A073-417E-9755-C90600F2FA6E}.Release|Win32.Build.0 = Release|Win32
		{A057589F-08ED-4005-A7AB-C5BE14FBF496}.Debug|Win32.ActiveCfg = Debug|Win32
		{A057589F-08ED-4005-A7AB-C5BE14FBF496}.Debug|Win32.Build.0 = Debug|Win32
		{A057589F-08ED-4005-A7AB-C5BE14FBF496}.Release|Win32.ActiveCfg = Release|Win32
		{A057589F-08ED-4005-A7AB-C5BE14FBF496}.Release|Win32.Build.0 = Release|Win32
		{274D07C4-FF1A-4B95-B104-7E06C7DEECD8}.Debug|Win32.ActiveCfg = Debug|Win32
		{274D07C4-FF1A-4B95-B104-7E06C7DEECD8}.Debug|Win32.Build.0 = Debug|Win32
		{274D07C4-FF1A-4B95-B104-7E06C7DEECD8}.Release|Win32.ActiveCfg = Release|Win32
		{274D07C4-FF1A-4B95-B104-7E06C7DEECD8}.Release|Win32.Build.0 = Release|Win32
	EndGlobalSection
	GlobalSection(SolutionProperties) = preSolution
		HideSolutionNode = FALSE
	EndGlobalSection
EndGlobal
