// !$*UTF8*$!
{
	archiveVersion = 1;
	classes = {
	};
	objectVersion = 46;
	objects = {

/* Begin PBXBuildFile section */
		142AA96015C5B2B20036E0DF /* OpenAL.framework in Frameworks */ = {isa = PBXBuildFile; fileRef = 142AA95E15C5B2B20036E0DF /* OpenAL.framework */; };
		142AA96115C5B2B20036E0DF /* OpenGL.framework in Frameworks */ = {isa = PBXBuildFile; fileRef = 142AA95F15C5B2B20036E0DF /* OpenGL.framework */; };
		142AA96315C5B2B90036E0DF /* CoreFoundation.framework in Frameworks */ = {isa = PBXBuildFile; fileRef = 142AA96215C5B2B90036E0DF /* CoreFoundation.framework */; };
		142AA96515C5B2C00036E0DF /* IOKit.framework in Frameworks */ = {isa = PBXBuildFile; fileRef = 142AA96415C5B2C00036E0DF /* IOKit.framework */; };
		142AA97615C5B35B0036E0DF /* libftgl.a in Frameworks */ = {isa = PBXBuildFile; fileRef = 142AA96A15C5B35B0036E0DF /* libftgl.a */; };
		142AA98315C5B4640036E0DF /* AppKit.framework in Frameworks */ = {isa = PBXBuildFile; fileRef = 142AA98215C5B4640036E0DF /* AppKit.framework */; };
		1442028215F4EA2800C60DE8 /* pool3d.cpp in Sources */ = {isa = PBXBuildFile; fileRef = 1442026E15F4EA2700C60DE8 /* pool3d.cpp */; };
		1442028315F4EA2800C60DE8 /* Pool3dActors.cpp in Sources */ = {isa = PBXBuildFile; fileRef = 1442027115F4EA2700C60DE8 /* Pool3dActors.cpp */; };
		1442028415F4EA2800C60DE8 /* Pool3dEvents.cpp in Sources */ = {isa = PBXBuildFile; fileRef = 1442027415F4EA2700C60DE8 /* Pool3dEvents.cpp */; };
		1442028515F4EA2800C60DE8 /* Pool3dGame.cpp in Sources */ = {isa = PBXBuildFile; fileRef = 1442027615F4EA2700C60DE8 /* Pool3dGame.cpp */; };
		1442028615F4EA2800C60DE8 /* Pool3dLogic.cpp in Sources */ = {isa = PBXBuildFile; fileRef = 1442027815F4EA2700C60DE8 /* Pool3dLogic.cpp */; };
		1442028715F4EA2800C60DE8 /* Pool3dMenuView.cpp in Sources */ = {isa = PBXBuildFile; fileRef = 1442027A15F4EA2700C60DE8 /* Pool3dMenuView.cpp */; };
		1442028815F4EA2800C60DE8 /* Pool3dMovementController.cpp in Sources */ = {isa = PBXBuildFile; fileRef = 1442027C15F4EA2700C60DE8 /* Pool3dMovementController.cpp */; };
		1442028915F4EA2800C60DE8 /* Pool3dSceneNodes.cpp in Sources */ = {isa = PBXBuildFile; fileRef = 1442027E15F4EA2700C60DE8 /* Pool3dSceneNodes.cpp */; };
		1442028A15F4EA2800C60DE8 /* Pool3dView.cpp in Sources */ = {isa = PBXBuildFile; fileRef = 1442028015F4EA2700C60DE8 /* Pool3dView.cpp */; };
		1442029615F4EA5300C60DE8 /* libgameframework.a in Frameworks */ = {isa = PBXBuildFile; fileRef = 1442029315F4EA3E00C60DE8 /* libgameframework.a */; };
/* End PBXBuildFile section */

/* Begin PBXContainerItemProxy section */
		1442029215F4EA3E00C60DE8 /* PBXContainerItemProxy */ = {
			isa = PBXContainerItemProxy;
			containerPortal = 1442028B15F4EA3D00C60DE8 /* gameframework.xcodeproj */;
			proxyType = 2;
			remoteGlobalIDString = 14A5333E13D4F33D00F9B3B1;
			remoteInfo = gameframework;
		};
		1442029415F4EA4800C60DE8 /* PBXContainerItemProxy */ = {
			isa = PBXContainerItemProxy;
			containerPortal = 1442028B15F4EA3D00C60DE8 /* gameframework.xcodeproj */;
			proxyType = 1;
			remoteGlobalIDString = 14A5333D13D4F33D00F9B3B1;
			remoteInfo = gameframework;
		};
/* End PBXContainerItemProxy section */

/* Begin PBXCopyFilesBuildPhase section */
		148506781412B82700ADF5C2 /* CopyFiles */ = {
			isa = PBXCopyFilesBuildPhase;
			buildActionMask = 2147483647;
			dstPath = /usr/share/man/man1/;
			dstSubfolderSpec = 0;
			files = (
			);
			runOnlyForDeploymentPostprocessing = 1;
		};
/* End PBXCopyFilesBuildPhase section */

/* Begin PBXFileReference section */
		142AA95E15C5B2B20036E0DF /* OpenAL.framework */ = {isa = PBXFileReference; lastKnownFileType = wrapper.framework; name = OpenAL.framework; path = System/Library/Frameworks/OpenAL.framework; sourceTree = SDKROOT; };
		142AA95F15C5B2B20036E0DF /* OpenGL.framework */ = {isa = PBXFileReference; lastKnownFileType = wrapper.framework; name = OpenGL.framework; path = System/Library/Frameworks/OpenGL.framework; sourceTree = SDKROOT; };
		142AA96215C5B2B90036E0DF /* CoreFoundation.framework */ = {isa = PBXFileReference; lastKnownFileType = wrapper.framework; name = CoreFoundation.framework; path = System/Library/Frameworks/CoreFoundation.framework; sourceTree = SDKROOT; };
		142AA96415C5B2C00036E0DF /* IOKit.framework */ = {isa = PBXFileReference; lastKnownFileType = wrapper.framework; name = IOKit.framework; path = System/Library/Frameworks/IOKit.framework; sourceTree = SDKROOT; };
		142AA96A15C5B35B0036E0DF /* libftgl.a */ = {isa = PBXFileReference; lastKnownFileType = archive.ar; name = libftgl.a; path = ../../../../../../../../opt/local/lib/libftgl.a; sourceTree = "<group>"; };
		142AA97E15C5B3CC0036E0DF /* Quartz.framework */ = {isa = PBXFileReference; lastKnownFileType = wrapper.framework; name = Quartz.framework; path = System/Library/Frameworks/Quartz.framework; sourceTree = SDKROOT; };
		142AA98015C5B41A0036E0DF /* QuartzCore.framework */ = {isa = PBXFileReference; lastKnownFileType = wrapper.framework; name = QuartzCore.framework; path = System/Library/Frameworks/QuartzCore.framework; sourceTree = SDKROOT; };
		142AA98215C5B4640036E0DF /* AppKit.framework */ = {isa = PBXFileReference; lastKnownFileType = wrapper.framework; name = AppKit.framework; path = System/Library/Frameworks/AppKit.framework; sourceTree = SDKROOT; };
		142AA98415C5B4700036E0DF /* CoreData.framework */ = {isa = PBXFileReference; lastKnownFileType = wrapper.framework; name = CoreData.framework; path = System/Library/Frameworks/CoreData.framework; sourceTree = SDKROOT; };
		144201C515F4EA2700C60DE8 /* ALL.tga */ = {isa = PBXFileReference; lastKnownFileType = file; path = ALL.tga; sourceTree = "<group>"; };
		144201C615F4EA2700C60DE8 /* atlasDictionary.xml */ = {isa = PBXFileReference; fileEncoding = 4; lastKnownFileType = text.xml; path = atlasDictionary.xml; sourceTree = "<group>"; };
		144201C715F4EA2700C60DE8 /* INGAME.tga */ = {isa = PBXFileReference; lastKnownFileType = file; path = INGAME.tga; sourceTree = "<group>"; };
		144201C815F4EA2700C60DE8 /* UI.tga */ = {isa = PBXFileReference; lastKnownFileType = file; path = UI.tga; sourceTree = "<group>"; };
		144201C915F4EA2700C60DE8 /* ExcludeList.txt */ = {isa = PBXFileReference; fileEncoding = 4; lastKnownFileType = text; path = ExcludeList.txt; sourceTree = "<group>"; };
		144201CB15F4EA2700C60DE8 /* Dialogs.lua */ = {isa = PBXFileReference; fileEncoding = 4; lastKnownFileType = text; path = Dialogs.lua; sourceTree = "<group>"; };
		144201CC15F4EA2700C60DE8 /* init.lua */ = {isa = PBXFileReference; fileEncoding = 4; lastKnownFileType = text; path = init.lua; sourceTree = "<group>"; };
		144201CD15F4EA2700C60DE8 /* InstructionsScreen.lua */ = {isa = PBXFileReference; fileEncoding = 4; lastKnownFileType = text; path = InstructionsScreen.lua; sourceTree = "<group>"; };
		144201CE15F4EA2700C60DE8 /* MainMenu.lua */ = {isa = PBXFileReference; fileEncoding = 4; lastKnownFileType = text; path = MainMenu.lua; sourceTree = "<group>"; };
		144201CF15F4EA2700C60DE8 /* NewMenu.lua */ = {isa = PBXFileReference; fileEncoding = 4; lastKnownFileType = text; path = NewMenu.lua; sourceTree = "<group>"; };
		144201D015F4EA2700C60DE8 /* OptionsMenu.lua */ = {isa = PBXFileReference; fileEncoding = 4; lastKnownFileType = text; path = OptionsMenu.lua; sourceTree = "<group>"; };
		144201D115F4EA2700C60DE8 /* PauseMenu.lua */ = {isa = PBXFileReference; fileEncoding = 4; lastKnownFileType = text; path = PauseMenu.lua; sourceTree = "<group>"; };
		144201D215F4EA2700C60DE8 /* Pool3dInitialScene.lua */ = {isa = PBXFileReference; fileEncoding = 4; lastKnownFileType = text; path = Pool3dInitialScene.lua; sourceTree = "<group>"; };
		144201D315F4EA2700C60DE8 /* SphereBallDimensions.lua */ = {isa = PBXFileReference; fileEncoding = 4; lastKnownFileType = text; path = SphereBallDimensions.lua; sourceTree = "<group>"; };
		144201D415F4EA2700C60DE8 /* UIScreenList.lua */ = {isa = PBXFileReference; fileEncoding = 4; lastKnownFileType = text; path = UIScreenList.lua; sourceTree = "<group>"; };
		144201D615F4EA2700C60DE8 /* floor.obj */ = {isa = PBXFileReference; fileEncoding = 4; lastKnownFileType = text; path = floor.obj; sourceTree = "<group>"; };
		144201D715F4EA2700C60DE8 /* PoolCue.obj */ = {isa = PBXFileReference; fileEncoding = 4; lastKnownFileType = text; path = PoolCue.obj; sourceTree = "<group>"; };
		144201D815F4EA2700C60DE8 /* PoolTableCornerFix.obj */ = {isa = PBXFileReference; fileEncoding = 4; lastKnownFileType = text; path = PoolTableCornerFix.obj; sourceTree = "<group>"; };
		144201D915F4EA2700C60DE8 /* PoolTableCornerGF.obj */ = {isa = PBXFileReference; fileEncoding = 4; lastKnownFileType = text; path = PoolTableCornerGF.obj; sourceTree = "<group>"; };
		144201DA15F4EA2700C60DE8 /* PoolTableFrontPanelGF.obj */ = {isa = PBXFileReference; fileEncoding = 4; lastKnownFileType = text; path = PoolTableFrontPanelGF.obj; sourceTree = "<group>"; };
		144201DB15F4EA2700C60DE8 /* PoolTableMeshGF.obj */ = {isa = PBXFileReference; fileEncoding = 4; lastKnownFileType = text; path = PoolTableMeshGF.obj; sourceTree = "<group>"; };
		144201DC15F4EA2700C60DE8 /* PoolTablePocketMiddleGF.obj */ = {isa = PBXFileReference; fileEncoding = 4; lastKnownFileType = text; path = PoolTablePocketMiddleGF.obj; sourceTree = "<group>"; };
		144201DD15F4EA2700C60DE8 /* PoolTableSidePanelGF.obj */ = {isa = PBXFileReference; fileEncoding = 4; lastKnownFileType = text; path = PoolTableSidePanelGF.obj; sourceTree = "<group>"; };
		144201DE15F4EA2700C60DE8 /* roomedge.obj */ = {isa = PBXFileReference; fileEncoding = 4; lastKnownFileType = text; path = roomedge.obj; sourceTree = "<group>"; };
		144201DF15F4EA2700C60DE8 /* options.xml */ = {isa = PBXFileReference; fileEncoding = 4; lastKnownFileType = text.xml; path = options.xml; sourceTree = "<group>"; };
		144201E115F4EA2700C60DE8 /* EnvironmentBox.fp */ = {isa = PBXFileReference; fileEncoding = 4; lastKnownFileType = text; path = EnvironmentBox.fp; sourceTree = "<group>"; };
		144201E215F4EA2700C60DE8 /* EnvironmentBox.vp */ = {isa = PBXFileReference; fileEncoding = 4; lastKnownFileType = text; path = EnvironmentBox.vp; sourceTree = "<group>"; };
		144201E315F4EA2700C60DE8 /* flat.fp */ = {isa = PBXFileReference; fileEncoding = 4; lastKnownFileType = text; path = flat.fp; sourceTree = "<group>"; };
		144201E415F4EA2700C60DE8 /* flat.vp */ = {isa = PBXFileReference; fileEncoding = 4; lastKnownFileType = text; path = flat.vp; sourceTree = "<group>"; };
		144201E515F4EA2700C60DE8 /* GuiTextureColor.fp */ = {isa = PBXFileReference; fileEncoding = 4; lastKnownFileType = text; path = GuiTextureColor.fp; sourceTree = "<group>"; };
		144201E615F4EA2700C60DE8 /* GuiTextureColor.vp */ = {isa = PBXFileReference; fileEncoding = 4; lastKnownFileType = text; path = GuiTextureColor.vp; sourceTree = "<group>"; };
		144201E715F4EA2700C60DE8 /* multilight.fp */ = {isa = PBXFileReference; fileEncoding = 4; lastKnownFileType = text; path = multilight.fp; sourceTree = "<group>"; };
		144201E815F4EA2700C60DE8 /* multilight.vp */ = {isa = PBXFileReference; fileEncoding = 4; lastKnownFileType = text; path = multilight.vp; sourceTree = "<group>"; };
		144201E915F4EA2700C60DE8 /* perfrag.fp */ = {isa = PBXFileReference; fileEncoding = 4; lastKnownFileType = text; path = perfrag.fp; sourceTree = "<group>"; };
		144201EA15F4EA2700C60DE8 /* perfrag.vp */ = {isa = PBXFileReference; fileEncoding = 4; lastKnownFileType = text; path = perfrag.vp; sourceTree = "<group>"; };
		144201EB15F4EA2700C60DE8 /* phong.fp */ = {isa = PBXFileReference; fileEncoding = 4; lastKnownFileType = text; path = phong.fp; sourceTree = "<group>"; };
		144201EC15F4EA2700C60DE8 /* phong.vp */ = {isa = PBXFileReference; fileEncoding = 4; lastKnownFileType = text; path = phong.vp; sourceTree = "<group>"; };
		144201ED15F4EA2700C60DE8 /* ProgrammablePhongAds.fp */ = {isa = PBXFileReference; fileEncoding = 4; lastKnownFileType = text; path = ProgrammablePhongAds.fp; sourceTree = "<group>"; };
		144201EE15F4EA2700C60DE8 /* ProgrammablePhongAds.vp */ = {isa = PBXFileReference; fileEncoding = 4; lastKnownFileType = text; path = ProgrammablePhongAds.vp; sourceTree = "<group>"; };
		144201F015F4EA2700C60DE8 /* ball_ball_collision_fx.wav */ = {isa = PBXFileReference; lastKnownFileType = audio.wav; path = ball_ball_collision_fx.wav; sourceTree = "<group>"; };
		144201F115F4EA2700C60DE8 /* ball_drop_fx.ogg */ = {isa = PBXFileReference; lastKnownFileType = file; path = ball_drop_fx.ogg; sourceTree = "<group>"; };
		144201F215F4EA2700C60DE8 /* ball_wall_collision_fx.wav */ = {isa = PBXFileReference; lastKnownFileType = audio.wav; path = ball_wall_collision_fx.wav; sourceTree = "<group>"; };
		144201F315F4EA2700C60DE8 /* cue_ball_collision_fx.wav */ = {isa = PBXFileReference; lastKnownFileType = audio.wav; path = cue_ball_collision_fx.wav; sourceTree = "<group>"; };
		144201F615F4EA2700C60DE8 /* ball01.tga */ = {isa = PBXFileReference; lastKnownFileType = file; path = ball01.tga; sourceTree = "<group>"; };
		144201F715F4EA2700C60DE8 /* ball02.tga */ = {isa = PBXFileReference; lastKnownFileType = file; path = ball02.tga; sourceTree = "<group>"; };
		144201F815F4EA2700C60DE8 /* ball03.tga */ = {isa = PBXFileReference; lastKnownFileType = file; path = ball03.tga; sourceTree = "<group>"; };
		144201F915F4EA2700C60DE8 /* ball04.tga */ = {isa = PBXFileReference; lastKnownFileType = file; path = ball04.tga; sourceTree = "<group>"; };
		144201FA15F4EA2700C60DE8 /* ball05.tga */ = {isa = PBXFileReference; lastKnownFileType = file; path = ball05.tga; sourceTree = "<group>"; };
		144201FB15F4EA2700C60DE8 /* ball06.tga */ = {isa = PBXFileReference; lastKnownFileType = file; path = ball06.tga; sourceTree = "<group>"; };
		144201FC15F4EA2700C60DE8 /* ball07.tga */ = {isa = PBXFileReference; lastKnownFileType = file; path = ball07.tga; sourceTree = "<group>"; };
		144201FD15F4EA2700C60DE8 /* ball08.tga */ = {isa = PBXFileReference; lastKnownFileType = file; path = ball08.tga; sourceTree = "<group>"; };
		144201FE15F4EA2700C60DE8 /* ball09.tga */ = {isa = PBXFileReference; lastKnownFileType = file; path = ball09.tga; sourceTree = "<group>"; };
		144201FF15F4EA2700C60DE8 /* ball10.tga */ = {isa = PBXFileReference; lastKnownFileType = file; path = ball10.tga; sourceTree = "<group>"; };
		1442020015F4EA2700C60DE8 /* ball11.tga */ = {isa = PBXFileReference; lastKnownFileType = file; path = ball11.tga; sourceTree = "<group>"; };
		1442020115F4EA2700C60DE8 /* ball12.tga */ = {isa = PBXFileReference; lastKnownFileType = file; path = ball12.tga; sourceTree = "<group>"; };
		1442020215F4EA2700C60DE8 /* ball13.tga */ = {isa = PBXFileReference; lastKnownFileType = file; path = ball13.tga; sourceTree = "<group>"; };
		1442020315F4EA2700C60DE8 /* ball14.tga */ = {isa = PBXFileReference; lastKnownFileType = file; path = ball14.tga; sourceTree = "<group>"; };
		1442020415F4EA2700C60DE8 /* ball15.tga */ = {isa = PBXFileReference; lastKnownFileType = file; path = ball15.tga; sourceTree = "<group>"; };
		1442020515F4EA2700C60DE8 /* checkDefault.tga */ = {isa = PBXFileReference; lastKnownFileType = file; path = checkDefault.tga; sourceTree = "<group>"; };
		1442020615F4EA2700C60DE8 /* checkDefaultChecked.tga */ = {isa = PBXFileReference; lastKnownFileType = file; path = checkDefaultChecked.tga; sourceTree = "<group>"; };
		1442020715F4EA2700C60DE8 /* checkHover.tga */ = {isa = PBXFileReference; lastKnownFileType = file; path = checkHover.tga; sourceTree = "<group>"; };
		1442020815F4EA2700C60DE8 /* checkHoverChecked.tga */ = {isa = PBXFileReference; lastKnownFileType = file; path = checkHoverChecked.tga; sourceTree = "<group>"; };
		1442020915F4EA2700C60DE8 /* clouds.tga */ = {isa = PBXFileReference; lastKnownFileType = file; path = clouds.tga; sourceTree = "<group>"; };
		1442020A15F4EA2700C60DE8 /* CueTexNew.tga */ = {isa = PBXFileReference; lastKnownFileType = file; path = CueTexNew.tga; sourceTree = "<group>"; };
		1442020B15F4EA2700C60DE8 /* dBut.tga */ = {isa = PBXFileReference; lastKnownFileType = file; path = dBut.tga; sourceTree = "<group>"; };
		1442020C15F4EA2700C60DE8 /* fontBackground.tga */ = {isa = PBXFileReference; lastKnownFileType = file; path = fontBackground.tga; sourceTree = "<group>"; };
		1442020D15F4EA2700C60DE8 /* fontBackgroundA.tga */ = {isa = PBXFileReference; lastKnownFileType = file; path = fontBackgroundA.tga; sourceTree = "<group>"; };
		1442020E15F4EA2700C60DE8 /* greenfelt.tga */ = {isa = PBXFileReference; lastKnownFileType = file; path = greenfelt.tga; sourceTree = "<group>"; };
		1442020F15F4EA2700C60DE8 /* hBut.tga */ = {isa = PBXFileReference; lastKnownFileType = file; path = hBut.tga; sourceTree = "<group>"; };
		1442021015F4EA2700C60DE8 /* Instructions.tga */ = {isa = PBXFileReference; lastKnownFileType = file; path = Instructions.tga; sourceTree = "<group>"; };
		1442021115F4EA2700C60DE8 /* MainMenuBackground.tga */ = {isa = PBXFileReference; lastKnownFileType = file; path = MainMenuBackground.tga; sourceTree = "<group>"; };
		1442021215F4EA2700C60DE8 /* Marble.tga */ = {isa = PBXFileReference; lastKnownFileType = file; path = Marble.tga; sourceTree = "<group>"; };
		1442021315F4EA2700C60DE8 /* PanelOutline.tga */ = {isa = PBXFileReference; lastKnownFileType = file; path = PanelOutline.tga; sourceTree = "<group>"; };
		1442021415F4EA2700C60DE8 /* pBut.tga */ = {isa = PBXFileReference; lastKnownFileType = file; path = pBut.tga; sourceTree = "<group>"; };
		1442021515F4EA2700C60DE8 /* Pool3dLogo.tga */ = {isa = PBXFileReference; lastKnownFileType = file; path = Pool3dLogo.tga; sourceTree = "<group>"; };
		1442021615F4EA2700C60DE8 /* PoolTableTex.tga */ = {isa = PBXFileReference; lastKnownFileType = file; path = PoolTableTex.tga; sourceTree = "<group>"; };
		1442021715F4EA2700C60DE8 /* sliderBut.tga */ = {isa = PBXFileReference; lastKnownFileType = file; path = sliderBut.tga; sourceTree = "<group>"; };
		1442021815F4EA2700C60DE8 /* tbBack.tga */ = {isa = PBXFileReference; lastKnownFileType = file; path = tbBack.tga; sourceTree = "<group>"; };
		1442021915F4EA2700C60DE8 /* wood3.tga */ = {isa = PBXFileReference; lastKnownFileType = file; path = wood3.tga; sourceTree = "<group>"; };
		1442021A15F4EA2700C60DE8 /* ball01.tga */ = {isa = PBXFileReference; lastKnownFileType = file; path = ball01.tga; sourceTree = "<group>"; };
		1442021B15F4EA2700C60DE8 /* ball02.tga */ = {isa = PBXFileReference; lastKnownFileType = file; path = ball02.tga; sourceTree = "<group>"; };
		1442021C15F4EA2700C60DE8 /* ball03.tga */ = {isa = PBXFileReference; lastKnownFileType = file; path = ball03.tga; sourceTree = "<group>"; };
		1442021D15F4EA2700C60DE8 /* ball04.tga */ = {isa = PBXFileReference; lastKnownFileType = file; path = ball04.tga; sourceTree = "<group>"; };
		1442021E15F4EA2700C60DE8 /* ball05.tga */ = {isa = PBXFileReference; lastKnownFileType = file; path = ball05.tga; sourceTree = "<group>"; };
		1442021F15F4EA2700C60DE8 /* ball06.tga */ = {isa = PBXFileReference; lastKnownFileType = file; path = ball06.tga; sourceTree = "<group>"; };
		1442022015F4EA2700C60DE8 /* ball07.tga */ = {isa = PBXFileReference; lastKnownFileType = file; path = ball07.tga; sourceTree = "<group>"; };
		1442022115F4EA2700C60DE8 /* ball08.tga */ = {isa = PBXFileReference; lastKnownFileType = file; path = ball08.tga; sourceTree = "<group>"; };
		1442022215F4EA2700C60DE8 /* ball09.tga */ = {isa = PBXFileReference; lastKnownFileType = file; path = ball09.tga; sourceTree = "<group>"; };
		1442022315F4EA2700C60DE8 /* ball10.tga */ = {isa = PBXFileReference; lastKnownFileType = file; path = ball10.tga; sourceTree = "<group>"; };
		1442022415F4EA2700C60DE8 /* ball11.tga */ = {isa = PBXFileReference; lastKnownFileType = file; path = ball11.tga; sourceTree = "<group>"; };
		1442022515F4EA2700C60DE8 /* ball12.tga */ = {isa = PBXFileReference; lastKnownFileType = file; path = ball12.tga; sourceTree = "<group>"; };
		1442022615F4EA2700C60DE8 /* ball13.tga */ = {isa = PBXFileReference; lastKnownFileType = file; path = ball13.tga; sourceTree = "<group>"; };
		1442022715F4EA2700C60DE8 /* ball14.tga */ = {isa = PBXFileReference; lastKnownFileType = file; path = ball14.tga; sourceTree = "<group>"; };
		1442022815F4EA2700C60DE8 /* ball15.tga */ = {isa = PBXFileReference; lastKnownFileType = file; path = ball15.tga; sourceTree = "<group>"; };
		1442022915F4EA2700C60DE8 /* checkDefault.tga */ = {isa = PBXFileReference; lastKnownFileType = file; path = checkDefault.tga; sourceTree = "<group>"; };
		1442022A15F4EA2700C60DE8 /* checkDefaultChecked.tga */ = {isa = PBXFileReference; lastKnownFileType = file; path = checkDefaultChecked.tga; sourceTree = "<group>"; };
		1442022B15F4EA2700C60DE8 /* checkHover.tga */ = {isa = PBXFileReference; lastKnownFileType = file; path = checkHover.tga; sourceTree = "<group>"; };
		1442022C15F4EA2700C60DE8 /* checkHoverChecked.tga */ = {isa = PBXFileReference; lastKnownFileType = file; path = checkHoverChecked.tga; sourceTree = "<group>"; };
		1442022D15F4EA2700C60DE8 /* clouds.tga */ = {isa = PBXFileReference; lastKnownFileType = file; path = clouds.tga; sourceTree = "<group>"; };
		1442022E15F4EA2700C60DE8 /* CueTexNew.tga */ = {isa = PBXFileReference; lastKnownFileType = file; path = CueTexNew.tga; sourceTree = "<group>"; };
		1442022F15F4EA2700C60DE8 /* dBut.tga */ = {isa = PBXFileReference; lastKnownFileType = file; path = dBut.tga; sourceTree = "<group>"; };
		1442023015F4EA2700C60DE8 /* fontBackground.tga */ = {isa = PBXFileReference; lastKnownFileType = file; path = fontBackground.tga; sourceTree = "<group>"; };
		1442023115F4EA2700C60DE8 /* fontBackgroundA.tga */ = {isa = PBXFileReference; lastKnownFileType = file; path = fontBackgroundA.tga; sourceTree = "<group>"; };
		1442023215F4EA2700C60DE8 /* greenfelt.tga */ = {isa = PBXFileReference; lastKnownFileType = file; path = greenfelt.tga; sourceTree = "<group>"; };
		1442023315F4EA2700C60DE8 /* hBut.tga */ = {isa = PBXFileReference; lastKnownFileType = file; path = hBut.tga; sourceTree = "<group>"; };
		1442023515F4EA2700C60DE8 /* ball01.tga */ = {isa = PBXFileReference; lastKnownFileType = file; path = ball01.tga; sourceTree = "<group>"; };
		1442023615F4EA2700C60DE8 /* ball02.tga */ = {isa = PBXFileReference; lastKnownFileType = file; path = ball02.tga; sourceTree = "<group>"; };
		1442023715F4EA2700C60DE8 /* ball03.tga */ = {isa = PBXFileReference; lastKnownFileType = file; path = ball03.tga; sourceTree = "<group>"; };
		1442023815F4EA2700C60DE8 /* ball04.tga */ = {isa = PBXFileReference; lastKnownFileType = file; path = ball04.tga; sourceTree = "<group>"; };
		1442023915F4EA2700C60DE8 /* ball05.tga */ = {isa = PBXFileReference; lastKnownFileType = file; path = ball05.tga; sourceTree = "<group>"; };
		1442023A15F4EA2700C60DE8 /* ball06.tga */ = {isa = PBXFileReference; lastKnownFileType = file; path = ball06.tga; sourceTree = "<group>"; };
		1442023B15F4EA2700C60DE8 /* ball07.tga */ = {isa = PBXFileReference; lastKnownFileType = file; path = ball07.tga; sourceTree = "<group>"; };
		1442023C15F4EA2700C60DE8 /* ball08.tga */ = {isa = PBXFileReference; lastKnownFileType = file; path = ball08.tga; sourceTree = "<group>"; };
		1442023D15F4EA2700C60DE8 /* ball09.tga */ = {isa = PBXFileReference; lastKnownFileType = file; path = ball09.tga; sourceTree = "<group>"; };
		1442023E15F4EA2700C60DE8 /* ball10.tga */ = {isa = PBXFileReference; lastKnownFileType = file; path = ball10.tga; sourceTree = "<group>"; };
		1442023F15F4EA2700C60DE8 /* ball11.tga */ = {isa = PBXFileReference; lastKnownFileType = file; path = ball11.tga; sourceTree = "<group>"; };
		1442024015F4EA2700C60DE8 /* ball12.tga */ = {isa = PBXFileReference; lastKnownFileType = file; path = ball12.tga; sourceTree = "<group>"; };
		1442024115F4EA2700C60DE8 /* ball13.tga */ = {isa = PBXFileReference; lastKnownFileType = file; path = ball13.tga; sourceTree = "<group>"; };
		1442024215F4EA2700C60DE8 /* ball14.tga */ = {isa = PBXFileReference; lastKnownFileType = file; path = ball14.tga; sourceTree = "<group>"; };
		1442024315F4EA2700C60DE8 /* ball15.tga */ = {isa = PBXFileReference; lastKnownFileType = file; path = ball15.tga; sourceTree = "<group>"; };
		1442024415F4EA2700C60DE8 /* clouds.tga */ = {isa = PBXFileReference; lastKnownFileType = file; path = clouds.tga; sourceTree = "<group>"; };
		1442024515F4EA2700C60DE8 /* CueTexNew.tga */ = {isa = PBXFileReference; lastKnownFileType = file; path = CueTexNew.tga; sourceTree = "<group>"; };
		1442024615F4EA2700C60DE8 /* greenfelt.tga */ = {isa = PBXFileReference; lastKnownFileType = file; path = greenfelt.tga; sourceTree = "<group>"; };
		1442024715F4EA2700C60DE8 /* Marble.tga */ = {isa = PBXFileReference; lastKnownFileType = file; path = Marble.tga; sourceTree = "<group>"; };
		1442024815F4EA2700C60DE8 /* PoolTableTex.tga */ = {isa = PBXFileReference; lastKnownFileType = file; path = PoolTableTex.tga; sourceTree = "<group>"; };
		1442024915F4EA2700C60DE8 /* wood3.tga */ = {isa = PBXFileReference; lastKnownFileType = file; path = wood3.tga; sourceTree = "<group>"; };
		1442024A15F4EA2700C60DE8 /* Instructions.tga */ = {isa = PBXFileReference; lastKnownFileType = file; path = Instructions.tga; sourceTree = "<group>"; };
		1442024B15F4EA2700C60DE8 /* MainMenuBackground.tga */ = {isa = PBXFileReference; lastKnownFileType = file; path = MainMenuBackground.tga; sourceTree = "<group>"; };
		1442024C15F4EA2700C60DE8 /* Marble.tga */ = {isa = PBXFileReference; lastKnownFileType = file; path = Marble.tga; sourceTree = "<group>"; };
		1442024D15F4EA2700C60DE8 /* PanelOutline.tga */ = {isa = PBXFileReference; lastKnownFileType = file; path = PanelOutline.tga; sourceTree = "<group>"; };
		1442024E15F4EA2700C60DE8 /* pBut.tga */ = {isa = PBXFileReference; lastKnownFileType = file; path = pBut.tga; sourceTree = "<group>"; };
		1442024F15F4EA2700C60DE8 /* Pool3dLogo.tga */ = {isa = PBXFileReference; lastKnownFileType = file; path = Pool3dLogo.tga; sourceTree = "<group>"; };
		1442025015F4EA2700C60DE8 /* PoolTableTex.tga */ = {isa = PBXFileReference; lastKnownFileType = file; path = PoolTableTex.tga; sourceTree = "<group>"; };
		1442025115F4EA2700C60DE8 /* sliderBut.tga */ = {isa = PBXFileReference; lastKnownFileType = file; path = sliderBut.tga; sourceTree = "<group>"; };
		1442025215F4EA2700C60DE8 /* tbBack.tga */ = {isa = PBXFileReference; lastKnownFileType = file; path = tbBack.tga; sourceTree = "<group>"; };
		1442025415F4EA2700C60DE8 /* checkDefault.tga */ = {isa = PBXFileReference; lastKnownFileType = file; path = checkDefault.tga; sourceTree = "<group>"; };
		1442025515F4EA2700C60DE8 /* checkDefaultChecked.tga */ = {isa = PBXFileReference; lastKnownFileType = file; path = checkDefaultChecked.tga; sourceTree = "<group>"; };
		1442025615F4EA2700C60DE8 /* checkHover.tga */ = {isa = PBXFileReference; lastKnownFileType = file; path = checkHover.tga; sourceTree = "<group>"; };
		1442025715F4EA2700C60DE8 /* checkHoverChecked.tga */ = {isa = PBXFileReference; lastKnownFileType = file; path = checkHoverChecked.tga; sourceTree = "<group>"; };
		1442025815F4EA2700C60DE8 /* dBut.tga */ = {isa = PBXFileReference; lastKnownFileType = file; path = dBut.tga; sourceTree = "<group>"; };
		1442025915F4EA2700C60DE8 /* fontBackground.tga */ = {isa = PBXFileReference; lastKnownFileType = file; path = fontBackground.tga; sourceTree = "<group>"; };
		1442025A15F4EA2700C60DE8 /* fontBackgroundA.tga */ = {isa = PBXFileReference; lastKnownFileType = file; path = fontBackgroundA.tga; sourceTree = "<group>"; };
		1442025B15F4EA2700C60DE8 /* hBut.tga */ = {isa = PBXFileReference; lastKnownFileType = file; path = hBut.tga; sourceTree = "<group>"; };
		1442025C15F4EA2700C60DE8 /* Instructions.tga */ = {isa = PBXFileReference; lastKnownFileType = file; path = Instructions.tga; sourceTree = "<group>"; };
		1442025D15F4EA2700C60DE8 /* MainMenuBackground.tga */ = {isa = PBXFileReference; lastKnownFileType = file; path = MainMenuBackground.tga; sourceTree = "<group>"; };
		1442025E15F4EA2700C60DE8 /* pBut.tga */ = {isa = PBXFileReference; lastKnownFileType = file; path = pBut.tga; sourceTree = "<group>"; };
		1442025F15F4EA2700C60DE8 /* Pool3dLogo.tga */ = {isa = PBXFileReference; lastKnownFileType = file; path = Pool3dLogo.tga; sourceTree = "<group>"; };
		1442026015F4EA2700C60DE8 /* sliderBut.tga */ = {isa = PBXFileReference; lastKnownFileType = file; path = sliderBut.tga; sourceTree = "<group>"; };
		1442026115F4EA2700C60DE8 /* tbBack.tga */ = {isa = PBXFileReference; lastKnownFileType = file; path = tbBack.tga; sourceTree = "<group>"; };
		1442026215F4EA2700C60DE8 /* wood3.tga */ = {isa = PBXFileReference; lastKnownFileType = file; path = wood3.tga; sourceTree = "<group>"; };
		1442026415F4EA2700C60DE8 /* Dialogs.lua */ = {isa = PBXFileReference; fileEncoding = 4; lastKnownFileType = text; path = Dialogs.lua; sourceTree = "<group>"; };
		1442026515F4EA2700C60DE8 /* init.lua */ = {isa = PBXFileReference; fileEncoding = 4; lastKnownFileType = text; path = init.lua; sourceTree = "<group>"; };
		1442026615F4EA2700C60DE8 /* InstructionsScreen.lua */ = {isa = PBXFileReference; fileEncoding = 4; lastKnownFileType = text; path = InstructionsScreen.lua; sourceTree = "<group>"; };
		1442026715F4EA2700C60DE8 /* MainMenu.lua */ = {isa = PBXFileReference; fileEncoding = 4; lastKnownFileType = text; path = MainMenu.lua; sourceTree = "<group>"; };
		1442026815F4EA2700C60DE8 /* NewMenu.lua */ = {isa = PBXFileReference; fileEncoding = 4; lastKnownFileType = text; path = NewMenu.lua; sourceTree = "<group>"; };
		1442026915F4EA2700C60DE8 /* OptionsMenu.lua */ = {isa = PBXFileReference; fileEncoding = 4; lastKnownFileType = text; path = OptionsMenu.lua; sourceTree = "<group>"; };
		1442026A15F4EA2700C60DE8 /* PauseMenu.lua */ = {isa = PBXFileReference; fileEncoding = 4; lastKnownFileType = text; path = PauseMenu.lua; sourceTree = "<group>"; };
		1442026B15F4EA2700C60DE8 /* Pool3dInitialScene.lua */ = {isa = PBXFileReference; fileEncoding = 4; lastKnownFileType = text; path = Pool3dInitialScene.lua; sourceTree = "<group>"; };
		1442026C15F4EA2700C60DE8 /* SphereBallDimensions.lua */ = {isa = PBXFileReference; fileEncoding = 4; lastKnownFileType = text; path = SphereBallDimensions.lua; sourceTree = "<group>"; };
		1442026D15F4EA2700C60DE8 /* UIScreenList.lua */ = {isa = PBXFileReference; fileEncoding = 4; lastKnownFileType = text; path = UIScreenList.lua; sourceTree = "<group>"; };
		1442026E15F4EA2700C60DE8 /* pool3d.cpp */ = {isa = PBXFileReference; fileEncoding = 4; lastKnownFileType = sourcecode.cpp.cpp; path = pool3d.cpp; sourceTree = "<group>"; };
		1442027115F4EA2700C60DE8 /* Pool3dActors.cpp */ = {isa = PBXFileReference; fileEncoding = 4; lastKnownFileType = sourcecode.cpp.cpp; path = Pool3dActors.cpp; sourceTree = "<group>"; };
		1442027215F4EA2700C60DE8 /* Pool3dActors.h */ = {isa = PBXFileReference; fileEncoding = 4; lastKnownFileType = sourcecode.c.h; path = Pool3dActors.h; sourceTree = "<group>"; };
		1442027315F4EA2700C60DE8 /* Pool3dCommon.h */ = {isa = PBXFileReference; fileEncoding = 4; lastKnownFileType = sourcecode.c.h; path = Pool3dCommon.h; sourceTree = "<group>"; };
		1442027415F4EA2700C60DE8 /* Pool3dEvents.cpp */ = {isa = PBXFileReference; fileEncoding = 4; lastKnownFileType = sourcecode.cpp.cpp; path = Pool3dEvents.cpp; sourceTree = "<group>"; };
		1442027515F4EA2700C60DE8 /* Pool3dEvents.h */ = {isa = PBXFileReference; fileEncoding = 4; lastKnownFileType = sourcecode.c.h; path = Pool3dEvents.h; sourceTree = "<group>"; };
		1442027615F4EA2700C60DE8 /* Pool3dGame.cpp */ = {isa = PBXFileReference; fileEncoding = 4; lastKnownFileType = sourcecode.cpp.cpp; path = Pool3dGame.cpp; sourceTree = "<group>"; };
		1442027715F4EA2700C60DE8 /* Pool3dGame.h */ = {isa = PBXFileReference; fileEncoding = 4; lastKnownFileType = sourcecode.c.h; path = Pool3dGame.h; sourceTree = "<group>"; };
		1442027815F4EA2700C60DE8 /* Pool3dLogic.cpp */ = {isa = PBXFileReference; fileEncoding = 4; lastKnownFileType = sourcecode.cpp.cpp; path = Pool3dLogic.cpp; sourceTree = "<group>"; };
		1442027915F4EA2700C60DE8 /* Pool3dLogic.h */ = {isa = PBXFileReference; fileEncoding = 4; lastKnownFileType = sourcecode.c.h; path = Pool3dLogic.h; sourceTree = "<group>"; };
		1442027A15F4EA2700C60DE8 /* Pool3dMenuView.cpp */ = {isa = PBXFileReference; fileEncoding = 4; lastKnownFileType = sourcecode.cpp.cpp; path = Pool3dMenuView.cpp; sourceTree = "<group>"; };
		1442027B15F4EA2700C60DE8 /* Pool3dMenuView.h */ = {isa = PBXFileReference; fileEncoding = 4; lastKnownFileType = sourcecode.c.h; path = Pool3dMenuView.h; sourceTree = "<group>"; };
		1442027C15F4EA2700C60DE8 /* Pool3dMovementController.cpp */ = {isa = PBXFileReference; fileEncoding = 4; lastKnownFileType = sourcecode.cpp.cpp; path = Pool3dMovementController.cpp; sourceTree = "<group>"; };
		1442027D15F4EA2700C60DE8 /* Pool3dMovementController.h */ = {isa = PBXFileReference; fileEncoding = 4; lastKnownFileType = sourcecode.c.h; path = Pool3dMovementController.h; sourceTree = "<group>"; };
		1442027E15F4EA2700C60DE8 /* Pool3dSceneNodes.cpp */ = {isa = PBXFileReference; fileEncoding = 4; lastKnownFileType = sourcecode.cpp.cpp; path = Pool3dSceneNodes.cpp; sourceTree = "<group>"; };
		1442027F15F4EA2700C60DE8 /* Pool3dSceneNodes.h */ = {isa = PBXFileReference; fileEncoding = 4; lastKnownFileType = sourcecode.c.h; path = Pool3dSceneNodes.h; sourceTree = "<group>"; };
		1442028015F4EA2700C60DE8 /* Pool3dView.cpp */ = {isa = PBXFileReference; fileEncoding = 4; lastKnownFileType = sourcecode.cpp.cpp; path = Pool3dView.cpp; sourceTree = "<group>"; };
		1442028115F4EA2700C60DE8 /* Pool3dView.h */ = {isa = PBXFileReference; fileEncoding = 4; lastKnownFileType = sourcecode.c.h; path = Pool3dView.h; sourceTree = "<group>"; };
		1442028B15F4EA3D00C60DE8 /* gameframework.xcodeproj */ = {isa = PBXFileReference; lastKnownFileType = "wrapper.pb-project"; name = gameframework.xcodeproj; path = ../gameframework/gameframework.xcodeproj; sourceTree = "<group>"; };
		1485067A1412B82700ADF5C2 /* Pool3D */ = {isa = PBXFileReference; explicitFileType = "compiled.mach-o.executable"; includeInIndex = 0; path = Pool3D; sourceTree = BUILT_PRODUCTS_DIR; };
/* End PBXFileReference section */

/* Begin PBXFrameworksBuildPhase section */
		148506771412B82700ADF5C2 /* Frameworks */ = {
			isa = PBXFrameworksBuildPhase;
			buildActionMask = 2147483647;
			files = (
				1442029615F4EA5300C60DE8 /* libgameframework.a in Frameworks */,
				142AA98315C5B4640036E0DF /* AppKit.framework in Frameworks */,
				142AA97615C5B35B0036E0DF /* libftgl.a in Frameworks */,
				142AA96515C5B2C00036E0DF /* IOKit.framework in Frameworks */,
				142AA96315C5B2B90036E0DF /* CoreFoundation.framework in Frameworks */,
				142AA96015C5B2B20036E0DF /* OpenAL.framework in Frameworks */,
				142AA96115C5B2B20036E0DF /* OpenGL.framework in Frameworks */,
			);
			runOnlyForDeploymentPostprocessing = 0;
		};
/* End PBXFrameworksBuildPhase section */

/* Begin PBXGroup section */
		144201C215F4EA2700C60DE8 /* Pool3d */ = {
			isa = PBXGroup;
			children = (
				144201C315F4EA2700C60DE8 /* data */,
				1442026315F4EA2700C60DE8 /* lua */,
				1442026E15F4EA2700C60DE8 /* pool3d.cpp */,
				1442027115F4EA2700C60DE8 /* Pool3dActors.cpp */,
				1442027215F4EA2700C60DE8 /* Pool3dActors.h */,
				1442027315F4EA2700C60DE8 /* Pool3dCommon.h */,
				1442027415F4EA2700C60DE8 /* Pool3dEvents.cpp */,
				1442027515F4EA2700C60DE8 /* Pool3dEvents.h */,
				1442027615F4EA2700C60DE8 /* Pool3dGame.cpp */,
				1442027715F4EA2700C60DE8 /* Pool3dGame.h */,
				1442027815F4EA2700C60DE8 /* Pool3dLogic.cpp */,
				1442027915F4EA2700C60DE8 /* Pool3dLogic.h */,
				1442027A15F4EA2700C60DE8 /* Pool3dMenuView.cpp */,
				1442027B15F4EA2700C60DE8 /* Pool3dMenuView.h */,
				1442027C15F4EA2700C60DE8 /* Pool3dMovementController.cpp */,
				1442027D15F4EA2700C60DE8 /* Pool3dMovementController.h */,
				1442027E15F4EA2700C60DE8 /* Pool3dSceneNodes.cpp */,
				1442027F15F4EA2700C60DE8 /* Pool3dSceneNodes.h */,
				1442028015F4EA2700C60DE8 /* Pool3dView.cpp */,
				1442028115F4EA2700C60DE8 /* Pool3dView.h */,
			);
			name = Pool3d;
			path = ../../../src/Pool3d;
			sourceTree = "<group>";
		};
		144201C315F4EA2700C60DE8 /* data */ = {
			isa = PBXGroup;
			children = (
				144201C415F4EA2700C60DE8 /* atlases */,
				144201C915F4EA2700C60DE8 /* ExcludeList.txt */,
				144201CA15F4EA2700C60DE8 /* lua */,
				144201D515F4EA2700C60DE8 /* models */,
				144201DF15F4EA2700C60DE8 /* options.xml */,
				144201E015F4EA2700C60DE8 /* shaders */,
				144201EF15F4EA2700C60DE8 /* sounds */,
				144201F415F4EA2700C60DE8 /* textures */,
			);
			path = data;
			sourceTree = "<group>";
		};
		144201C415F4EA2700C60DE8 /* atlases */ = {
			isa = PBXGroup;
			children = (
				144201C515F4EA2700C60DE8 /* ALL.tga */,
				144201C615F4EA2700C60DE8 /* atlasDictionary.xml */,
				144201C715F4EA2700C60DE8 /* INGAME.tga */,
				144201C815F4EA2700C60DE8 /* UI.tga */,
			);
			path = atlases;
			sourceTree = "<group>";
		};
		144201CA15F4EA2700C60DE8 /* lua */ = {
			isa = PBXGroup;
			children = (
				144201CB15F4EA2700C60DE8 /* Dialogs.lua */,
				144201CC15F4EA2700C60DE8 /* init.lua */,
				144201CD15F4EA2700C60DE8 /* InstructionsScreen.lua */,
				144201CE15F4EA2700C60DE8 /* MainMenu.lua */,
				144201CF15F4EA2700C60DE8 /* NewMenu.lua */,
				144201D015F4EA2700C60DE8 /* OptionsMenu.lua */,
				144201D115F4EA2700C60DE8 /* PauseMenu.lua */,
				144201D215F4EA2700C60DE8 /* Pool3dInitialScene.lua */,
				144201D315F4EA2700C60DE8 /* SphereBallDimensions.lua */,
				144201D415F4EA2700C60DE8 /* UIScreenList.lua */,
			);
			path = lua;
			sourceTree = "<group>";
		};
		144201D515F4EA2700C60DE8 /* models */ = {
			isa = PBXGroup;
			children = (
				144201D615F4EA2700C60DE8 /* floor.obj */,
				144201D715F4EA2700C60DE8 /* PoolCue.obj */,
				144201D815F4EA2700C60DE8 /* PoolTableCornerFix.obj */,
				144201D915F4EA2700C60DE8 /* PoolTableCornerGF.obj */,
				144201DA15F4EA2700C60DE8 /* PoolTableFrontPanelGF.obj */,
				144201DB15F4EA2700C60DE8 /* PoolTableMeshGF.obj */,
				144201DC15F4EA2700C60DE8 /* PoolTablePocketMiddleGF.obj */,
				144201DD15F4EA2700C60DE8 /* PoolTableSidePanelGF.obj */,
				144201DE15F4EA2700C60DE8 /* roomedge.obj */,
			);
			path = models;
			sourceTree = "<group>";
		};
		144201E015F4EA2700C60DE8 /* shaders */ = {
			isa = PBXGroup;
			children = (
				144201E115F4EA2700C60DE8 /* EnvironmentBox.fp */,
				144201E215F4EA2700C60DE8 /* EnvironmentBox.vp */,
				144201E315F4EA2700C60DE8 /* flat.fp */,
				144201E415F4EA2700C60DE8 /* flat.vp */,
				144201E515F4EA2700C60DE8 /* GuiTextureColor.fp */,
				144201E615F4EA2700C60DE8 /* GuiTextureColor.vp */,
				144201E715F4EA2700C60DE8 /* multilight.fp */,
				144201E815F4EA2700C60DE8 /* multilight.vp */,
				144201E915F4EA2700C60DE8 /* perfrag.fp */,
				144201EA15F4EA2700C60DE8 /* perfrag.vp */,
				144201EB15F4EA2700C60DE8 /* phong.fp */,
				144201EC15F4EA2700C60DE8 /* phong.vp */,
				144201ED15F4EA2700C60DE8 /* ProgrammablePhongAds.fp */,
				144201EE15F4EA2700C60DE8 /* ProgrammablePhongAds.vp */,
			);
			path = shaders;
			sourceTree = "<group>";
		};
		144201EF15F4EA2700C60DE8 /* sounds */ = {
			isa = PBXGroup;
			children = (
				144201F015F4EA2700C60DE8 /* ball_ball_collision_fx.wav */,
				144201F115F4EA2700C60DE8 /* ball_drop_fx.ogg */,
				144201F215F4EA2700C60DE8 /* ball_wall_collision_fx.wav */,
				144201F315F4EA2700C60DE8 /* cue_ball_collision_fx.wav */,
			);
			path = sounds;
			sourceTree = "<group>";
		};
		144201F415F4EA2700C60DE8 /* textures */ = {
			isa = PBXGroup;
			children = (
				144201F515F4EA2700C60DE8 /* ALL */,
				1442021A15F4EA2700C60DE8 /* ball01.tga */,
				1442021B15F4EA2700C60DE8 /* ball02.tga */,
				1442021C15F4EA2700C60DE8 /* ball03.tga */,
				1442021D15F4EA2700C60DE8 /* ball04.tga */,
				1442021E15F4EA2700C60DE8 /* ball05.tga */,
				1442021F15F4EA2700C60DE8 /* ball06.tga */,
				1442022015F4EA2700C60DE8 /* ball07.tga */,
				1442022115F4EA2700C60DE8 /* ball08.tga */,
				1442022215F4EA2700C60DE8 /* ball09.tga */,
				1442022315F4EA2700C60DE8 /* ball10.tga */,
				1442022415F4EA2700C60DE8 /* ball11.tga */,
				1442022515F4EA2700C60DE8 /* ball12.tga */,
				1442022615F4EA2700C60DE8 /* ball13.tga */,
				1442022715F4EA2700C60DE8 /* ball14.tga */,
				1442022815F4EA2700C60DE8 /* ball15.tga */,
				1442022915F4EA2700C60DE8 /* checkDefault.tga */,
				1442022A15F4EA2700C60DE8 /* checkDefaultChecked.tga */,
				1442022B15F4EA2700C60DE8 /* checkHover.tga */,
				1442022C15F4EA2700C60DE8 /* checkHoverChecked.tga */,
				1442022D15F4EA2700C60DE8 /* clouds.tga */,
				1442022E15F4EA2700C60DE8 /* CueTexNew.tga */,
				1442022F15F4EA2700C60DE8 /* dBut.tga */,
				1442023015F4EA2700C60DE8 /* fontBackground.tga */,
				1442023115F4EA2700C60DE8 /* fontBackgroundA.tga */,
				1442023215F4EA2700C60DE8 /* greenfelt.tga */,
				1442023315F4EA2700C60DE8 /* hBut.tga */,
				1442023415F4EA2700C60DE8 /* INGAME */,
				1442024A15F4EA2700C60DE8 /* Instructions.tga */,
				1442024B15F4EA2700C60DE8 /* MainMenuBackground.tga */,
				1442024C15F4EA2700C60DE8 /* Marble.tga */,
				1442024D15F4EA2700C60DE8 /* PanelOutline.tga */,
				1442024E15F4EA2700C60DE8 /* pBut.tga */,
				1442024F15F4EA2700C60DE8 /* Pool3dLogo.tga */,
				1442025015F4EA2700C60DE8 /* PoolTableTex.tga */,
				1442025115F4EA2700C60DE8 /* sliderBut.tga */,
				1442025215F4EA2700C60DE8 /* tbBack.tga */,
				1442025315F4EA2700C60DE8 /* UI */,
				1442026215F4EA2700C60DE8 /* wood3.tga */,
			);
			path = textures;
			sourceTree = "<group>";
		};
		144201F515F4EA2700C60DE8 /* ALL */ = {
			isa = PBXGroup;
			children = (
				144201F615F4EA2700C60DE8 /* ball01.tga */,
				144201F715F4EA2700C60DE8 /* ball02.tga */,
				144201F815F4EA2700C60DE8 /* ball03.tga */,
				144201F915F4EA2700C60DE8 /* ball04.tga */,
				144201FA15F4EA2700C60DE8 /* ball05.tga */,
				144201FB15F4EA2700C60DE8 /* ball06.tga */,
				144201FC15F4EA2700C60DE8 /* ball07.tga */,
				144201FD15F4EA2700C60DE8 /* ball08.tga */,
				144201FE15F4EA2700C60DE8 /* ball09.tga */,
				144201FF15F4EA2700C60DE8 /* ball10.tga */,
				1442020015F4EA2700C60DE8 /* ball11.tga */,
				1442020115F4EA2700C60DE8 /* ball12.tga */,
				1442020215F4EA2700C60DE8 /* ball13.tga */,
				1442020315F4EA2700C60DE8 /* ball14.tga */,
				1442020415F4EA2700C60DE8 /* ball15.tga */,
				1442020515F4EA2700C60DE8 /* checkDefault.tga */,
				1442020615F4EA2700C60DE8 /* checkDefaultChecked.tga */,
				1442020715F4EA2700C60DE8 /* checkHover.tga */,
				1442020815F4EA2700C60DE8 /* checkHoverChecked.tga */,
				1442020915F4EA2700C60DE8 /* clouds.tga */,
				1442020A15F4EA2700C60DE8 /* CueTexNew.tga */,
				1442020B15F4EA2700C60DE8 /* dBut.tga */,
				1442020C15F4EA2700C60DE8 /* fontBackground.tga */,
				1442020D15F4EA2700C60DE8 /* fontBackgroundA.tga */,
				1442020E15F4EA2700C60DE8 /* greenfelt.tga */,
				1442020F15F4EA2700C60DE8 /* hBut.tga */,
				1442021015F4EA2700C60DE8 /* Instructions.tga */,
				1442021115F4EA2700C60DE8 /* MainMenuBackground.tga */,
				1442021215F4EA2700C60DE8 /* Marble.tga */,
				1442021315F4EA2700C60DE8 /* PanelOutline.tga */,
				1442021415F4EA2700C60DE8 /* pBut.tga */,
				1442021515F4EA2700C60DE8 /* Pool3dLogo.tga */,
				1442021615F4EA2700C60DE8 /* PoolTableTex.tga */,
				1442021715F4EA2700C60DE8 /* sliderBut.tga */,
				1442021815F4EA2700C60DE8 /* tbBack.tga */,
				1442021915F4EA2700C60DE8 /* wood3.tga */,
			);
			path = ALL;
			sourceTree = "<group>";
		};
		1442023415F4EA2700C60DE8 /* INGAME */ = {
			isa = PBXGroup;
			children = (
				1442023515F4EA2700C60DE8 /* ball01.tga */,
				1442023615F4EA2700C60DE8 /* ball02.tga */,
				1442023715F4EA2700C60DE8 /* ball03.tga */,
				1442023815F4EA2700C60DE8 /* ball04.tga */,
				1442023915F4EA2700C60DE8 /* ball05.tga */,
				1442023A15F4EA2700C60DE8 /* ball06.tga */,
				1442023B15F4EA2700C60DE8 /* ball07.tga */,
				1442023C15F4EA2700C60DE8 /* ball08.tga */,
				1442023D15F4EA2700C60DE8 /* ball09.tga */,
				1442023E15F4EA2700C60DE8 /* ball10.tga */,
				1442023F15F4EA2700C60DE8 /* ball11.tga */,
				1442024015F4EA2700C60DE8 /* ball12.tga */,
				1442024115F4EA2700C60DE8 /* ball13.tga */,
				1442024215F4EA2700C60DE8 /* ball14.tga */,
				1442024315F4EA2700C60DE8 /* ball15.tga */,
				1442024415F4EA2700C60DE8 /* clouds.tga */,
				1442024515F4EA2700C60DE8 /* CueTexNew.tga */,
				1442024615F4EA2700C60DE8 /* greenfelt.tga */,
				1442024715F4EA2700C60DE8 /* Marble.tga */,
				1442024815F4EA2700C60DE8 /* PoolTableTex.tga */,
				1442024915F4EA2700C60DE8 /* wood3.tga */,
			);
			path = INGAME;
			sourceTree = "<group>";
		};
		1442025315F4EA2700C60DE8 /* UI */ = {
			isa = PBXGroup;
			children = (
				1442025415F4EA2700C60DE8 /* checkDefault.tga */,
				1442025515F4EA2700C60DE8 /* checkDefaultChecked.tga */,
				1442025615F4EA2700C60DE8 /* checkHover.tga */,
				1442025715F4EA2700C60DE8 /* checkHoverChecked.tga */,
				1442025815F4EA2700C60DE8 /* dBut.tga */,
				1442025915F4EA2700C60DE8 /* fontBackground.tga */,
				1442025A15F4EA2700C60DE8 /* fontBackgroundA.tga */,
				1442025B15F4EA2700C60DE8 /* hBut.tga */,
				1442025C15F4EA2700C60DE8 /* Instructions.tga */,
				1442025D15F4EA2700C60DE8 /* MainMenuBackground.tga */,
				1442025E15F4EA2700C60DE8 /* pBut.tga */,
				1442025F15F4EA2700C60DE8 /* Pool3dLogo.tga */,
				1442026015F4EA2700C60DE8 /* sliderBut.tga */,
				1442026115F4EA2700C60DE8 /* tbBack.tga */,
			);
			path = UI;
			sourceTree = "<group>";
		};
		1442026315F4EA2700C60DE8 /* lua */ = {
			isa = PBXGroup;
			children = (
				1442026415F4EA2700C60DE8 /* Dialogs.lua */,
				1442026515F4EA2700C60DE8 /* init.lua */,
				1442026615F4EA2700C60DE8 /* InstructionsScreen.lua */,
				1442026715F4EA2700C60DE8 /* MainMenu.lua */,
				1442026815F4EA2700C60DE8 /* NewMenu.lua */,
				1442026915F4EA2700C60DE8 /* OptionsMenu.lua */,
				1442026A15F4EA2700C60DE8 /* PauseMenu.lua */,
				1442026B15F4EA2700C60DE8 /* Pool3dInitialScene.lua */,
				1442026C15F4EA2700C60DE8 /* SphereBallDimensions.lua */,
				1442026D15F4EA2700C60DE8 /* UIScreenList.lua */,
			);
			path = lua;
			sourceTree = "<group>";
		};
		1442028C15F4EA3D00C60DE8 /* Products */ = {
			isa = PBXGroup;
			children = (
				1442029315F4EA3E00C60DE8 /* libgameframework.a */,
			);
			name = Products;
			sourceTree = "<group>";
		};
		1485066F1412B82700ADF5C2 = {
			isa = PBXGroup;
			children = (
				1442028B15F4EA3D00C60DE8 /* gameframework.xcodeproj */,
				144201C215F4EA2700C60DE8 /* Pool3d */,
				142AA98415C5B4700036E0DF /* CoreData.framework */,
				142AA98215C5B4640036E0DF /* AppKit.framework */,
				142AA98015C5B41A0036E0DF /* QuartzCore.framework */,
				142AA97E15C5B3CC0036E0DF /* Quartz.framework */,
				142AA96A15C5B35B0036E0DF /* libftgl.a */,
				142AA96415C5B2C00036E0DF /* IOKit.framework */,
				142AA96215C5B2B90036E0DF /* CoreFoundation.framework */,
				142AA95E15C5B2B20036E0DF /* OpenAL.framework */,
				142AA95F15C5B2B20036E0DF /* OpenGL.framework */,
				1485067B1412B82700ADF5C2 /* Products */,
			);
			sourceTree = "<group>";
		};
		1485067B1412B82700ADF5C2 /* Products */ = {
			isa = PBXGroup;
			children = (
				1485067A1412B82700ADF5C2 /* Pool3D */,
			);
			name = Products;
			sourceTree = "<group>";
		};
/* End PBXGroup section */

/* Begin PBXNativeTarget section */
		148506791412B82700ADF5C2 /* Pool3D */ = {
			isa = PBXNativeTarget;
			buildConfigurationList = 148506841412B82700ADF5C2 /* Build configuration list for PBXNativeTarget "Pool3D" */;
			buildPhases = (
				148506761412B82700ADF5C2 /* Sources */,
				148506771412B82700ADF5C2 /* Frameworks */,
				148506781412B82700ADF5C2 /* CopyFiles */,
				14D67CEF1442075600DED6B0 /*  Build Resources */,
				142AC46C144210A200B97B09 /* Copy Options.xml */,
			);
			buildRules = (
			);
			dependencies = (
				1442029515F4EA4800C60DE8 /* PBXTargetDependency */,
			);
			name = Pool3D;
			productName = Pool3D;
			productReference = 1485067A1412B82700ADF5C2 /* Pool3D */;
			productType = "com.apple.product-type.tool";
		};
/* End PBXNativeTarget section */

/* Begin PBXProject section */
		148506711412B82700ADF5C2 /* Project object */ = {
			isa = PBXProject;
			attributes = {
				ORGANIZATIONNAME = n/a;
			};
			buildConfigurationList = 148506741412B82700ADF5C2 /* Build configuration list for PBXProject "Pool3D" */;
			compatibilityVersion = "Xcode 3.2";
			developmentRegion = English;
			hasScannedForEncodings = 0;
			knownRegions = (
				en,
			);
			mainGroup = 1485066F1412B82700ADF5C2;
			productRefGroup = 1485067B1412B82700ADF5C2 /* Products */;
			projectDirPath = "";
			projectReferences = (
				{
					ProductGroup = 1442028C15F4EA3D00C60DE8 /* Products */;
					ProjectRef = 1442028B15F4EA3D00C60DE8 /* gameframework.xcodeproj */;
				},
			);
			projectRoot = "";
			targets = (
				148506791412B82700ADF5C2 /* Pool3D */,
			);
		};
/* End PBXProject section */

/* Begin PBXReferenceProxy section */
		1442029315F4EA3E00C60DE8 /* libgameframework.a */ = {
			isa = PBXReferenceProxy;
			fileType = "compiled.mach-o.dylib";
			path = libgameframework.a;
			remoteRef = 1442029215F4EA3E00C60DE8 /* PBXContainerItemProxy */;
			sourceTree = BUILT_PRODUCTS_DIR;
		};
/* End PBXReferenceProxy section */

/* Begin PBXShellScriptBuildPhase section */
		142AC46C144210A200B97B09 /* Copy Options.xml */ = {
			isa = PBXShellScriptBuildPhase;
			buildActionMask = 2147483647;
			files = (
			);
			inputPaths = (
			);
			name = "Copy Options.xml";
			outputPaths = (
			);
			runOnlyForDeploymentPostprocessing = 0;
			shellPath = /bin/sh;
			shellScript = "cp ../../../src/Pool3d/data/options.xml ../../../data/Pool3D/";
		};
		14D67CEF1442075600DED6B0 /*  Build Resources */ = {
			isa = PBXShellScriptBuildPhase;
			buildActionMask = 2147483647;
			files = (
			);
			inputPaths = (
			);
			name = " Build Resources";
			outputPaths = (
			);
			runOnlyForDeploymentPostprocessing = 0;
			shellPath = /bin/sh;
			shellScript = "../../../src/build/macosx/BuildResources.sh ../../../src/Pool3d/data/ExcludeList.txt ../../../src/Pool3d/data/ ../../../data/Pool3D/Pool3D.zip";
			showEnvVarsInLog = 0;
		};
/* End PBXShellScriptBuildPhase section */

/* Begin PBXSourcesBuildPhase section */
		148506761412B82700ADF5C2 /* Sources */ = {
			isa = PBXSourcesBuildPhase;
			buildActionMask = 2147483647;
			files = (
				1442028215F4EA2800C60DE8 /* pool3d.cpp in Sources */,
				1442028315F4EA2800C60DE8 /* Pool3dActors.cpp in Sources */,
				1442028415F4EA2800C60DE8 /* Pool3dEvents.cpp in Sources */,
				1442028515F4EA2800C60DE8 /* Pool3dGame.cpp in Sources */,
				1442028615F4EA2800C60DE8 /* Pool3dLogic.cpp in Sources */,
				1442028715F4EA2800C60DE8 /* Pool3dMenuView.cpp in Sources */,
				1442028815F4EA2800C60DE8 /* Pool3dMovementController.cpp in Sources */,
				1442028915F4EA2800C60DE8 /* Pool3dSceneNodes.cpp in Sources */,
				1442028A15F4EA2800C60DE8 /* Pool3dView.cpp in Sources */,
			);
			runOnlyForDeploymentPostprocessing = 0;
		};
/* End PBXSourcesBuildPhase section */

/* Begin PBXTargetDependency section */
		1442029515F4EA4800C60DE8 /* PBXTargetDependency */ = {
			isa = PBXTargetDependency;
			name = gameframework;
			targetProxy = 1442029415F4EA4800C60DE8 /* PBXContainerItemProxy */;
		};
/* End PBXTargetDependency section */

/* Begin XCBuildConfiguration section */
		148506821412B82700ADF5C2 /* Debug */ = {
			isa = XCBuildConfiguration;
			buildSettings = {
				ALWAYS_SEARCH_USER_PATHS = NO;
				ARCHS = "$(ARCHS_STANDARD_64_BIT)";
				CONFIGURATION_BUILD_DIR = "$(BUILD_DIR)";
				CONFIGURATION_TEMP_DIR = "$(PROJECT_TEMP_DIR)$(CONFIGURATION)$(EFFECTIVE_PLATFORM_NAME)";
				COPY_PHASE_STRIP = NO;
				DEBUG_INFORMATION_FORMAT = "dwarf-with-dsym";
				GCC_C_LANGUAGE_STANDARD = gnu99;
				GCC_DYNAMIC_NO_PIC = NO;
				GCC_ENABLE_OBJC_EXCEPTIONS = YES;
				GCC_OPTIMIZATION_LEVEL = 0;
				GCC_PREPROCESSOR_DEFINITIONS = (
					"DEBUG=1",
					_DEBUG,
					"$(inherited)",
				);
				GCC_SYMBOLS_PRIVATE_EXTERN = NO;
				GCC_VERSION = "";
				GCC_WARN_64_TO_32_BIT_CONVERSION = YES;
				GCC_WARN_ABOUT_MISSING_PROTOTYPES = YES;
				GCC_WARN_ABOUT_RETURN_TYPE = YES;
				GCC_WARN_UNUSED_VARIABLE = YES;
				HEADER_SEARCH_PATHS = (
					../../../include/,
					/opt/local/include/,
					/opt/local/include/freetype2/,
					/opt/local/include/boost/,
				);
				LIBRARY_SEARCH_PATHS = (
					"../../../libs/$(CONFIGURATION)",
					/opt/local/lib/,
				);
				MACOSX_DEPLOYMENT_TARGET = 10.7;
				OBJROOT = ../../../obj/;
				ONLY_ACTIVE_ARCH = YES;
				OTHER_LDFLAGS = "";
				SDKROOT = macosx;
				SHARED_PRECOMPS_DIR = "$(PROJECT_TEMP_DIR)/$(CONFIGURATION)$(EFFECTIVE_PLATFORM_NAME)";
				SYMROOT = ../../../bin/;
			};
			name = Debug;
		};
		148506831412B82700ADF5C2 /* Release */ = {
			isa = XCBuildConfiguration;
			buildSettings = {
				ALWAYS_SEARCH_USER_PATHS = NO;
				ARCHS = "$(ARCHS_STANDARD_64_BIT)";
				CONFIGURATION_BUILD_DIR = "$(BUILD_DIR)";
				COPY_PHASE_STRIP = YES;
				DEBUG_INFORMATION_FORMAT = dwarf;
				GCC_C_LANGUAGE_STANDARD = gnu99;
				GCC_ENABLE_OBJC_EXCEPTIONS = YES;
				GCC_PREPROCESSOR_DEFINITIONS = NDEBUG;
				GCC_VERSION = "";
				GCC_WARN_64_TO_32_BIT_CONVERSION = YES;
				GCC_WARN_ABOUT_MISSING_PROTOTYPES = YES;
				GCC_WARN_ABOUT_RETURN_TYPE = YES;
				GCC_WARN_UNUSED_VARIABLE = YES;
				HEADER_SEARCH_PATHS = (
					../../../include/,
					/opt/local/include/,
					/opt/local/include/freetype2/,
					/opt/local/include/boost/,
				);
				LIBRARY_SEARCH_PATHS = (
					"../../../libs/$(CONFIGURATION)",
					/opt/local/lib/,
				);
				MACOSX_DEPLOYMENT_TARGET = 10.7;
				OBJROOT = ../../../obj/;
				OTHER_LDFLAGS = "";
				SDKROOT = macosx;
				SHARED_PRECOMPS_DIR = "$(PROJECT_TEMP_DIR)/$(CONFIGURATION)$(EFFECTIVE_PLATFORM_NAME)";
				SYMROOT = ../../../bin/;
			};
			name = Release;
		};
		148506851412B82700ADF5C2 /* Debug */ = {
			isa = XCBuildConfiguration;
			buildSettings = {
				ALWAYS_SEARCH_USER_PATHS = YES;
				ARCHS = "$(ARCHS_STANDARD_64_BIT)";
				GCC_ENABLE_SYMBOL_SEPARATION = NO;
				GCC_MODEL_TUNING = G5;
				GCC_PREPROCESSOR_DEFINITIONS = (
					"$(inherited)",
					TARGET_OS_MAC,
					LUAPLUS_ENABLE_INLINES,
				);
				GCC_WARN_64_TO_32_BIT_CONVERSION = NO;
				GCC_WARN_ABOUT_MISSING_PROTOTYPES = NO;
				HEADER_SEARCH_PATHS = (
					../../../include/,
					../../../src/3rdParty/,
					../../../src/3rdParty/boost/,
					"../../../src/3rdParty/luaplus51-all/Src/",
					"../../../src/3rdParty/bullet-2.80-rev2531/src/",
					../../../src/3rdParty/glfw/include/,
					/opt/local/include/,
					/opt/local/include/freetype2/,
				);
				LIBRARY_SEARCH_PATHS = (
					"$(inherited)",
					/opt/local/lib,
					"\"$(SRCROOT)/../../../libs/Debug\"",
					"\"$(SRCROOT)/../../../libs/Release\"",
				);
				MACH_O_TYPE = mh_execute;
				PRODUCT_NAME = "$(TARGET_NAME)";
				STRIP_STYLE = debugging;
				ZERO_LINK = YES;
			};
			name = Debug;
		};
		148506861412B82700ADF5C2 /* Release */ = {
			isa = XCBuildConfiguration;
			buildSettings = {
				ALWAYS_SEARCH_USER_PATHS = YES;
				ARCHS = "$(ARCHS_STANDARD_64_BIT)";
				GCC_ENABLE_SYMBOL_SEPARATION = NO;
				GCC_MODEL_TUNING = G5;
				GCC_PREPROCESSOR_DEFINITIONS = (
					TARGET_OS_MAC,
					LUAPLUS_ENABLE_INLINES,
				);
				GCC_SYMBOLS_PRIVATE_EXTERN = NO;
				GCC_WARN_64_TO_32_BIT_CONVERSION = NO;
				GCC_WARN_ABOUT_MISSING_PROTOTYPES = NO;
				HEADER_SEARCH_PATHS = (
					../../../include/,
					../../../src/3rdParty/,
					../../../src/3rdParty/boost/,
					"../../../src/3rdParty/luaplus51-all/Src/",
					"../../../src/3rdParty/bullet-2.80-rev2531/src/",
					../../../src/3rdParty/glfw/include/,
					/opt/local/include/,
					/opt/local/include/freetype2/,
				);
				LIBRARY_SEARCH_PATHS = (
					"$(inherited)",
					/opt/local/lib,
					"\"$(SRCROOT)/../../../libs/Debug\"",
					"\"$(SRCROOT)/../../../libs/Release\"",
				);
				MACH_O_TYPE = mh_execute;
				PRODUCT_NAME = "$(TARGET_NAME)";
				STRIP_STYLE = debugging;
				ZERO_LINK = NO;
			};
			name = Release;
		};
/* End XCBuildConfiguration section */

/* Begin XCConfigurationList section */
		148506741412B82700ADF5C2 /* Build configuration list for PBXProject "Pool3D" */ = {
			isa = XCConfigurationList;
			buildConfigurations = (
				148506821412B82700ADF5C2 /* Debug */,
				148506831412B82700ADF5C2 /* Release */,
			);
			defaultConfigurationIsVisible = 0;
			defaultConfigurationName = Release;
		};
		148506841412B82700ADF5C2 /* Build configuration list for PBXNativeTarget "Pool3D" */ = {
			isa = XCConfigurationList;
			buildConfigurations = (
				148506851412B82700ADF5C2 /* Debug */,
				148506861412B82700ADF5C2 /* Release */,
			);
			defaultConfigurationIsVisible = 0;
			defaultConfigurationName = Release;
		};
/* End XCConfigurationList section */
	};
	rootObject = 148506711412B82700ADF5C2 /* Project object */;
}
